// !$*UTF8*$!
{
	archiveVersion = 1;
	classes = {
	};
	objectVersion = 46;
	objects = {

/* Begin PBXAggregateTarget section */
		05A2157719008A910050A058 /* clang */ = {
			isa = PBXAggregateTarget;
			buildConfigurationList = 05A2157819008A910050A058 /* Build configuration list for PBXAggregateTarget "clang" */;
			buildPhases = (
				05A2157B19008A9F0050A058 /* ShellScript */,
			);
			dependencies = (
			);
			name = clang;
			productName = clang;
		};
/* End PBXAggregateTarget section */

/* Begin PBXBuildFile section */
		05BE064D16B43ECE00DF46D5 /* InfoPlist.strings in Resources */ = {isa = PBXBuildFile; fileRef = 05BE064B16B43ECE00DF46D5 /* InfoPlist.strings */; };
		05BE065116B43ECE00DF46D5 /* ObjectDoc.mm in Sources */ = {isa = PBXBuildFile; fileRef = 05BE065016B43ECE00DF46D5 /* ObjectDoc.mm */; };
		05BE065A16B43ECF00DF46D5 /* Cocoa.framework in Frameworks */ = {isa = PBXBuildFile; fileRef = 05BE064216B43ECE00DF46D5 /* Cocoa.framework */; };
		05BE065D16B43ECF00DF46D5 /* ObjectDoc.framework in Frameworks */ = {isa = PBXBuildFile; fileRef = 05BE063F16B43ECE00DF46D5 /* ObjectDoc.framework */; };
		05BE066316B43ECF00DF46D5 /* InfoPlist.strings in Resources */ = {isa = PBXBuildFile; fileRef = 05BE066116B43ECF00DF46D5 /* InfoPlist.strings */; };
		05BE067A16B4422C00DF46D5 /* Foundation.framework in Frameworks */ = {isa = PBXBuildFile; fileRef = 05BE067916B4422C00DF46D5 /* Foundation.framework */; };
		05BE067D16B4422C00DF46D5 /* main.m in Sources */ = {isa = PBXBuildFile; fileRef = 05BE067C16B4422C00DF46D5 /* main.m */; };
		05BE068716B4424900DF46D5 /* ObjectDoc.framework in Frameworks */ = {isa = PBXBuildFile; fileRef = 05BE063F16B43ECE00DF46D5 /* ObjectDoc.framework */; };
		05BE068D16B4474100DF46D5 /* ObjectDoc.h in Headers */ = {isa = PBXBuildFile; fileRef = 05BE064F16B43ECE00DF46D5 /* ObjectDoc.h */; settings = {ATTRIBUTES = (Public, ); }; };
		05BE068E16B4494200DF46D5 /* Foundation.framework in Frameworks */ = {isa = PBXBuildFile; fileRef = 05BE064716B43ECE00DF46D5 /* Foundation.framework */; };
		C930081617C5C31C00FA8AB7 /* PLClangComment.h in Headers */ = {isa = PBXBuildFile; fileRef = C930081417C5C31C00FA8AB7 /* PLClangComment.h */; settings = {ATTRIBUTES = (Public, ); }; };
		C930081717C5C31C00FA8AB7 /* PLClangComment.m in Sources */ = {isa = PBXBuildFile; fileRef = C930081517C5C31C00FA8AB7 /* PLClangComment.m */; };
		C930081917C5C34600FA8AB7 /* PLClangCommentPrivate.h in Headers */ = {isa = PBXBuildFile; fileRef = C930081817C5C34600FA8AB7 /* PLClangCommentPrivate.h */; };
		C930081B17C5C35300FA8AB7 /* PLClangCommentTests.m in Sources */ = {isa = PBXBuildFile; fileRef = C930081A17C5C35300FA8AB7 /* PLClangCommentTests.m */; };
		C9594E7617BF06F100CD7816 /* PLClang.h in Headers */ = {isa = PBXBuildFile; fileRef = C9594E7417BF06F100CD7816 /* PLClang.h */; settings = {ATTRIBUTES = (Public, ); }; };
		C9594E7717BF06F100CD7816 /* PLClang.m in Sources */ = {isa = PBXBuildFile; fileRef = C9594E7517BF06F100CD7816 /* PLClang.m */; };
		C9594E7A17BF104F00CD7816 /* PLClangUnsavedFile.h in Headers */ = {isa = PBXBuildFile; fileRef = C9594E7817BF104F00CD7816 /* PLClangUnsavedFile.h */; settings = {ATTRIBUTES = (Public, ); }; };
		C9594E7B17BF104F00CD7816 /* PLClangUnsavedFile.m in Sources */ = {isa = PBXBuildFile; fileRef = C9594E7917BF104F00CD7816 /* PLClangUnsavedFile.m */; };
		C9594E7E17BFBC9A00CD7816 /* PLClangCursor.h in Headers */ = {isa = PBXBuildFile; fileRef = C9594E7C17BFBC9A00CD7816 /* PLClangCursor.h */; settings = {ATTRIBUTES = (Public, ); }; };
		C9594E7F17BFBC9A00CD7816 /* PLClangCursor.m in Sources */ = {isa = PBXBuildFile; fileRef = C9594E7D17BFBC9A00CD7816 /* PLClangCursor.m */; };
		C9594E8117BFBDA400CD7816 /* PLClangCursorPrivate.h in Headers */ = {isa = PBXBuildFile; fileRef = C9594E8017BFBDA400CD7816 /* PLClangCursorPrivate.h */; };
		C95EA26817C9032C0038F8E4 /* PLClangToken.h in Headers */ = {isa = PBXBuildFile; fileRef = C95EA26617C9032C0038F8E4 /* PLClangToken.h */; settings = {ATTRIBUTES = (Public, ); }; };
		C95EA26917C9032C0038F8E4 /* PLClangToken.m in Sources */ = {isa = PBXBuildFile; fileRef = C95EA26717C9032C0038F8E4 /* PLClangToken.m */; };
		C95EA26C17C903610038F8E4 /* PLClangTokenPrivate.h in Headers */ = {isa = PBXBuildFile; fileRef = C95EA26B17C903610038F8E4 /* PLClangTokenPrivate.h */; };
		C95EA26F17C9036C0038F8E4 /* PLClangTokenSet.h in Headers */ = {isa = PBXBuildFile; fileRef = C95EA26D17C9036C0038F8E4 /* PLClangTokenSet.h */; };
		C95EA27017C9036C0038F8E4 /* PLClangTokenSet.m in Sources */ = {isa = PBXBuildFile; fileRef = C95EA26E17C9036C0038F8E4 /* PLClangTokenSet.m */; };
		C95EA27217C903780038F8E4 /* PLClangTokenTests.m in Sources */ = {isa = PBXBuildFile; fileRef = C95EA27117C903780038F8E4 /* PLClangTokenTests.m */; };
		C95EA27517C9AA2F0038F8E4 /* PLClangSourceRange.h in Headers */ = {isa = PBXBuildFile; fileRef = C95EA27317C9AA2F0038F8E4 /* PLClangSourceRange.h */; settings = {ATTRIBUTES = (Public, ); }; };
		C95EA27617C9AA2F0038F8E4 /* PLClangSourceRange.m in Sources */ = {isa = PBXBuildFile; fileRef = C95EA27417C9AA2F0038F8E4 /* PLClangSourceRange.m */; };
		C95EA27817C9AB570038F8E4 /* PLClangSourceRangePrivate.h in Headers */ = {isa = PBXBuildFile; fileRef = C95EA27717C9AB570038F8E4 /* PLClangSourceRangePrivate.h */; };
		C95EA27A17C9B7B30038F8E4 /* PLClangSourceLocationTests.m in Sources */ = {isa = PBXBuildFile; fileRef = C95EA27917C9B7B30038F8E4 /* PLClangSourceLocationTests.m */; };
		C95EA27C17C9C4CB0038F8E4 /* PLClangSourceRangeTests.m in Sources */ = {isa = PBXBuildFile; fileRef = C95EA27B17C9C4CB0038F8E4 /* PLClangSourceRangeTests.m */; };
		C9A921FC17C313510052CB64 /* PLClangType.h in Headers */ = {isa = PBXBuildFile; fileRef = C9A921FA17C313510052CB64 /* PLClangType.h */; settings = {ATTRIBUTES = (Public, ); }; };
		C9A921FD17C313510052CB64 /* PLClangType.m in Sources */ = {isa = PBXBuildFile; fileRef = C9A921FB17C313510052CB64 /* PLClangType.m */; };
		C9A921FF17C3146A0052CB64 /* PLClangTypePrivate.h in Headers */ = {isa = PBXBuildFile; fileRef = C9A921FE17C3146A0052CB64 /* PLClangTypePrivate.h */; };
		C9A9220217C31E230052CB64 /* PLClangTypeTests.m in Sources */ = {isa = PBXBuildFile; fileRef = C9A9220017C31D960052CB64 /* PLClangTypeTests.m */; };
		C9A9220617C3A7180052CB64 /* PLClangAvailability.h in Headers */ = {isa = PBXBuildFile; fileRef = C9A9220417C3A7180052CB64 /* PLClangAvailability.h */; settings = {ATTRIBUTES = (Public, ); }; };
		C9A9220717C3A7180052CB64 /* PLClangAvailability.m in Sources */ = {isa = PBXBuildFile; fileRef = C9A9220517C3A7180052CB64 /* PLClangAvailability.m */; };
		C9A9220A17C3A7290052CB64 /* PLClangPlatformAvailability.h in Headers */ = {isa = PBXBuildFile; fileRef = C9A9220817C3A7290052CB64 /* PLClangPlatformAvailability.h */; settings = {ATTRIBUTES = (Public, ); }; };
		C9A9220B17C3A7290052CB64 /* PLClangPlatformAvailability.m in Sources */ = {isa = PBXBuildFile; fileRef = C9A9220917C3A7290052CB64 /* PLClangPlatformAvailability.m */; };
		C9A9220E17C3A7F40052CB64 /* PLClangAvailabilityPrivate.h in Headers */ = {isa = PBXBuildFile; fileRef = C9A9220D17C3A7F40052CB64 /* PLClangAvailabilityPrivate.h */; };
		C9A9221017C3A7FD0052CB64 /* PLClangAvailabilityTests.m in Sources */ = {isa = PBXBuildFile; fileRef = C9A9220F17C3A7FD0052CB64 /* PLClangAvailabilityTests.m */; };
		C9A9221217C3A9350052CB64 /* PLClangPlatformAvailabilityPrivate.h in Headers */ = {isa = PBXBuildFile; fileRef = C9A9221117C3A9350052CB64 /* PLClangPlatformAvailabilityPrivate.h */; };
		C9A9221517C3A9DA0052CB64 /* PLClangVersion.h in Headers */ = {isa = PBXBuildFile; fileRef = C9A9221317C3A9DA0052CB64 /* PLClangVersion.h */; settings = {ATTRIBUTES = (Public, ); }; };
		C9A9221617C3A9DA0052CB64 /* PLClangVersion.m in Sources */ = {isa = PBXBuildFile; fileRef = C9A9221417C3A9DA0052CB64 /* PLClangVersion.m */; };
		C9A9221817C3A9F90052CB64 /* PLClangVersionPrivate.h in Headers */ = {isa = PBXBuildFile; fileRef = C9A9221717C3A9F90052CB64 /* PLClangVersionPrivate.h */; };
		C9E8B1DD17D8C33200D7526D /* DTConfiguration.m in Sources */ = {isa = PBXBuildFile; fileRef = C9E8B1DC17D8C33200D7526D /* DTConfiguration.m */; };
		C9E8B1E017D8CCE100D7526D /* DTSourceParser.m in Sources */ = {isa = PBXBuildFile; fileRef = C9E8B1DF17D8CCE100D7526D /* DTSourceParser.m */; };
		C9E8B1E317D8D04400D7526D /* DTNode.m in Sources */ = {isa = PBXBuildFile; fileRef = C9E8B1E217D8D04400D7526D /* DTNode.m */; };
		C9E8B1E617D8D14300D7526D /* DTApplication.m in Sources */ = {isa = PBXBuildFile; fileRef = C9E8B1E517D8D14300D7526D /* DTApplication.m */; };
		C9E8B1E917D8E76200D7526D /* DTLibrary.m in Sources */ = {isa = PBXBuildFile; fileRef = C9E8B1E817D8E76200D7526D /* DTLibrary.m */; };
		C9E8B1ED17D9208900D7526D /* DTTask.m in Sources */ = {isa = PBXBuildFile; fileRef = C9E8B1EC17D9208900D7526D /* DTTask.m */; };
		C9E8B2F517D9264700D7526D /* nodes.xml in Copy Templates */ = {isa = PBXBuildFile; fileRef = C9E8B2EE17D9260F00D7526D /* nodes.xml */; };
		C9E8B2F617D9264700D7526D /* objc_container.html in Copy Templates */ = {isa = PBXBuildFile; fileRef = C9E8B2EF17D9260F00D7526D /* objc_container.html */; };
		C9E8B2F717D9264700D7526D /* objc_node.html in Copy Templates */ = {isa = PBXBuildFile; fileRef = C9E8B2F017D9260F00D7526D /* objc_node.html */; };
		C9E8B2F817D9264700D7526D /* token.xml in Copy Templates */ = {isa = PBXBuildFile; fileRef = C9E8B2F117D9260F00D7526D /* token.xml */; };
		C9E8B2F917D9264700D7526D /* tokens.xml in Copy Templates */ = {isa = PBXBuildFile; fileRef = C9E8B2F217D9260F00D7526D /* tokens.xml */; };
		C9E8B2FB17D9268300D7526D /* docset.css in Copy Template CSS */ = {isa = PBXBuildFile; fileRef = C9E8B2EA17D9260F00D7526D /* docset.css */; };
		C9E8B2FF17D9271300D7526D /* docset.js in Copy Template JavaScript */ = {isa = PBXBuildFile; fileRef = C9E8B2FE17D9270600D7526D /* docset.js */; };
		C9E8B30217D9279500D7526D /* DocTool.m in Sources */ = {isa = PBXBuildFile; fileRef = C9E8B30117D9279500D7526D /* DocTool.m */; };
		C9E8B30617D930C600D7526D /* DTHTMLGenerator.m in Sources */ = {isa = PBXBuildFile; fileRef = C9E8B30517D930C600D7526D /* DTHTMLGenerator.m */; };
		C9E8B30917D930D000D7526D /* DTDocSetGenerator.m in Sources */ = {isa = PBXBuildFile; fileRef = C9E8B30817D930D000D7526D /* DTDocSetGenerator.m */; };
		C9E8B30A17D935DC00D7526D /* index.html in Copy Templates */ = {isa = PBXBuildFile; fileRef = C9E8B2EB17D9260F00D7526D /* index.html */; };
		C9E8B30D17D978D200D7526D /* DTDoxygenCommands.m in Sources */ = {isa = PBXBuildFile; fileRef = C9E8B30C17D978D200D7526D /* DTDoxygenCommands.m */; };
		C9E8B32417D97DC700D7526D /* libGRMustache6-MacOS.a in Frameworks */ = {isa = PBXBuildFile; fileRef = C9E8B32317D97DB800D7526D /* libGRMustache6-MacOS.a */; };
		C9F243BE17C08E75005E01BF /* PLClangNSString.h in Headers */ = {isa = PBXBuildFile; fileRef = C9F243BC17C08E75005E01BF /* PLClangNSString.h */; };
		C9F243BF17C08E75005E01BF /* PLClangNSString.m in Sources */ = {isa = PBXBuildFile; fileRef = C9F243BD17C08E75005E01BF /* PLClangNSString.m */; };
		C9F243C117C11090005E01BF /* PLClangCursorTests.m in Sources */ = {isa = PBXBuildFile; fileRef = C9F243C017C11090005E01BF /* PLClangCursorTests.m */; };
		C9F243C617C1119E005E01BF /* PLClangTestCase.m in Sources */ = {isa = PBXBuildFile; fileRef = C9F243C317C11196005E01BF /* PLClangTestCase.m */; };
		C9F6C0331944066400D3011F /* clang in Copy Clang Headers */ = {isa = PBXBuildFile; fileRef = C9F6C030194405F300D3011F /* clang */; };
		FCE4508CD72B9C5BAAF6F603 /* PLClangDiagnostic.h in Headers */ = {isa = PBXBuildFile; fileRef = FCE4576CFA89A9EA19B558F9 /* PLClangDiagnostic.h */; settings = {ATTRIBUTES = (Public, ); }; };
		FCE4511607B3484B969529F5 /* PLSourceLocation.h in Headers */ = {isa = PBXBuildFile; fileRef = FCE4517E1BB8112F853B6650 /* PLSourceLocation.h */; };
		FCE451617D97D37E53EE138F /* PLClangSourceLocationPrivate.h in Headers */ = {isa = PBXBuildFile; fileRef = FCE45F27005C44A99E4A1F06 /* PLClangSourceLocationPrivate.h */; };
		FCE451D5799804E72BFF018E /* PLClangSourceIndex.m in Sources */ = {isa = PBXBuildFile; fileRef = FCE45E244C142558C5D4C756 /* PLClangSourceIndex.m */; };
		FCE4537F110EF2EFC316238D /* PLClangSourceIndexTests.m in Sources */ = {isa = PBXBuildFile; fileRef = FCE45EBF5B5ECF9D0C09F313 /* PLClangSourceIndexTests.m */; };
		FCE4543E40F4E5713B72D5C9 /* PLAdditions.h in Headers */ = {isa = PBXBuildFile; fileRef = FCE4502439DC9B6948831382 /* PLAdditions.h */; };
		FCE456467CC2F46BDC9B91CD /* PLClangDiagnostic.m in Sources */ = {isa = PBXBuildFile; fileRef = FCE455207D161C04C0735E9F /* PLClangDiagnostic.m */; };
		FCE4572D619041786BE82039 /* PLSourceLocation.m in Sources */ = {isa = PBXBuildFile; fileRef = FCE453694BFE6D746385BDAB /* PLSourceLocation.m */; };
		FCE4575C39A4106D000DF0D4 /* PLClangSourceIndex.h in Headers */ = {isa = PBXBuildFile; fileRef = FCE4500562CD408DEE335EAC /* PLClangSourceIndex.h */; settings = {ATTRIBUTES = (Public, ); }; };
		FCE45915D137A2651FF67D64 /* PLClangSourceLocation.m in Sources */ = {isa = PBXBuildFile; fileRef = FCE4542392BFBF3685830197 /* PLClangSourceLocation.m */; };
		FCE4594BDFF1B22B945C8BF8 /* PLClangTranslationUnitTests.m in Sources */ = {isa = PBXBuildFile; fileRef = FCE45165762E8F8E1A2A74E2 /* PLClangTranslationUnitTests.m */; };
		FCE45A9FBF8CE57D471E862C /* PLClangDiagnosticPrivate.h in Headers */ = {isa = PBXBuildFile; fileRef = FCE451013882A66295B6A523 /* PLClangDiagnosticPrivate.h */; };
		FCE45AA53B7B32357124F65E /* PLClangSourceLocation.h in Headers */ = {isa = PBXBuildFile; fileRef = FCE45B6AFBA6F2AB9BFC7158 /* PLClangSourceLocation.h */; settings = {ATTRIBUTES = (Public, ); }; };
		FCE45B63F2F1F5AFFDA3C842 /* PLClangTranslationUnit.h in Headers */ = {isa = PBXBuildFile; fileRef = FCE45B80F05F0110FB4FDD2B /* PLClangTranslationUnit.h */; settings = {ATTRIBUTES = (Public, ); }; };
		FCE45D20C14785B61BEA641E /* PLClangTranslationUnit.m in Sources */ = {isa = PBXBuildFile; fileRef = FCE45F1FA9A659F1E1ECF0D4 /* PLClangTranslationUnit.m */; };
		FCE45EA2F91E94E0FE73EDCB /* PLClangTranslationUnitPrivate.h in Headers */ = {isa = PBXBuildFile; fileRef = FCE4509877E08051C0B7C274 /* PLClangTranslationUnitPrivate.h */; };
/* End PBXBuildFile section */

/* Begin PBXContainerItemProxy section */
		05A2158219008E430050A058 /* PBXContainerItemProxy */ = {
			isa = PBXContainerItemProxy;
			containerPortal = 05BE063516B43ECE00DF46D5 /* Project object */;
			proxyType = 1;
			remoteGlobalIDString = 05A2157719008A910050A058;
			remoteInfo = clang;
		};
		05BE065B16B43ECF00DF46D5 /* PBXContainerItemProxy */ = {
			isa = PBXContainerItemProxy;
			containerPortal = 05BE063516B43ECE00DF46D5 /* Project object */;
			proxyType = 1;
			remoteGlobalIDString = 05BE063E16B43ECE00DF46D5;
			remoteInfo = objectdoc;
		};
		05BE068516B4424500DF46D5 /* PBXContainerItemProxy */ = {
			isa = PBXContainerItemProxy;
			containerPortal = 05BE063516B43ECE00DF46D5 /* Project object */;
			proxyType = 1;
			remoteGlobalIDString = 05BE063E16B43ECE00DF46D5;
			remoteInfo = objectdoc;
		};
/* End PBXContainerItemProxy section */

/* Begin PBXCopyFilesBuildPhase section */
		05BE067516B4422C00DF46D5 /* Copy Manpage */ = {
			isa = PBXCopyFilesBuildPhase;
			buildActionMask = 2147483647;
			dstPath = /usr/share/man/man1/;
			dstSubfolderSpec = 0;
			files = (
			);
			name = "Copy Manpage";
			runOnlyForDeploymentPostprocessing = 1;
		};
		C9E8B2F417D9262700D7526D /* Copy Templates */ = {
			isa = PBXCopyFilesBuildPhase;
			buildActionMask = 2147483647;
			dstPath = templates;
			dstSubfolderSpec = 7;
			files = (
				C9E8B30A17D935DC00D7526D /* index.html in Copy Templates */,
				C9E8B2F517D9264700D7526D /* nodes.xml in Copy Templates */,
				C9E8B2F617D9264700D7526D /* objc_container.html in Copy Templates */,
				C9E8B2F717D9264700D7526D /* objc_node.html in Copy Templates */,
				C9E8B2F817D9264700D7526D /* token.xml in Copy Templates */,
				C9E8B2F917D9264700D7526D /* tokens.xml in Copy Templates */,
			);
			name = "Copy Templates";
			runOnlyForDeploymentPostprocessing = 0;
		};
		C9E8B2FA17D9266F00D7526D /* Copy Template CSS */ = {
			isa = PBXCopyFilesBuildPhase;
			buildActionMask = 2147483647;
			dstPath = templates/css;
			dstSubfolderSpec = 7;
			files = (
				C9E8B2FB17D9268300D7526D /* docset.css in Copy Template CSS */,
			);
			name = "Copy Template CSS";
			runOnlyForDeploymentPostprocessing = 0;
		};
		C9E8B2FC17D9269000D7526D /* Copy Template JavaScript */ = {
			isa = PBXCopyFilesBuildPhase;
			buildActionMask = 2147483647;
			dstPath = templates/js;
			dstSubfolderSpec = 7;
			files = (
				C9E8B2FF17D9271300D7526D /* docset.js in Copy Template JavaScript */,
			);
			name = "Copy Template JavaScript";
			runOnlyForDeploymentPostprocessing = 0;
		};
		C9F6C0321944065A00D3011F /* Copy Clang Headers */ = {
			isa = PBXCopyFilesBuildPhase;
			buildActionMask = 2147483647;
			dstPath = "";
			dstSubfolderSpec = 6;
			files = (
				C9F6C0331944066400D3011F /* clang in Copy Clang Headers */,
			);
			name = "Copy Clang Headers";
			runOnlyForDeploymentPostprocessing = 0;
		};
/* End PBXCopyFilesBuildPhase section */

/* Begin PBXFileReference section */
		05A2157D19008B310050A058 /* cfe-4.0.0.src.tar.xz */ = {isa = PBXFileReference; lastKnownFileType = file; path = "cfe-4.0.0.src.tar.xz"; sourceTree = "<group>"; };
		05A2157E19008B310050A058 /* cfe-4.0.0.src.tar.xz.sig */ = {isa = PBXFileReference; lastKnownFileType = file; path = "cfe-4.0.0.src.tar.xz.sig"; sourceTree = "<group>"; };
		05A2157F19008B310050A058 /* llvm-4.0.0.src.tar.xz */ = {isa = PBXFileReference; lastKnownFileType = file; path = "llvm-4.0.0.src.tar.xz"; sourceTree = "<group>"; };
		05A2158019008B310050A058 /* llvm-4.0.0.src.tar.xz.sig */ = {isa = PBXFileReference; lastKnownFileType = file; path = "llvm-4.0.0.src.tar.xz.sig"; sourceTree = "<group>"; };
		05A2158119008B310050A058 /* README.txt */ = {isa = PBXFileReference; lastKnownFileType = text; name = README.txt; path = Dependencies/README.txt; sourceTree = "<group>"; };
		05BE063F16B43ECE00DF46D5 /* ObjectDoc.framework */ = {isa = PBXFileReference; explicitFileType = wrapper.framework; includeInIndex = 0; path = ObjectDoc.framework; sourceTree = BUILT_PRODUCTS_DIR; };
		05BE064216B43ECE00DF46D5 /* Cocoa.framework */ = {isa = PBXFileReference; lastKnownFileType = wrapper.framework; name = Cocoa.framework; path = System/Library/Frameworks/Cocoa.framework; sourceTree = SDKROOT; };
		05BE064516B43ECE00DF46D5 /* AppKit.framework */ = {isa = PBXFileReference; lastKnownFileType = wrapper.framework; name = AppKit.framework; path = System/Library/Frameworks/AppKit.framework; sourceTree = SDKROOT; };
		05BE064616B43ECE00DF46D5 /* CoreData.framework */ = {isa = PBXFileReference; lastKnownFileType = wrapper.framework; name = CoreData.framework; path = System/Library/Frameworks/CoreData.framework; sourceTree = SDKROOT; };
		05BE064716B43ECE00DF46D5 /* Foundation.framework */ = {isa = PBXFileReference; lastKnownFileType = wrapper.framework; name = Foundation.framework; path = System/Library/Frameworks/Foundation.framework; sourceTree = SDKROOT; };
		05BE064A16B43ECE00DF46D5 /* objectdoc-Info.plist */ = {isa = PBXFileReference; lastKnownFileType = text.plist.xml; path = "objectdoc-Info.plist"; sourceTree = "<group>"; };
		05BE064C16B43ECE00DF46D5 /* en */ = {isa = PBXFileReference; lastKnownFileType = text.plist.strings; name = en; path = en.lproj/InfoPlist.strings; sourceTree = "<group>"; };
		05BE064F16B43ECE00DF46D5 /* ObjectDoc.h */ = {isa = PBXFileReference; lastKnownFileType = sourcecode.c.h; path = ObjectDoc.h; sourceTree = "<group>"; };
		05BE065016B43ECE00DF46D5 /* ObjectDoc.mm */ = {isa = PBXFileReference; lastKnownFileType = sourcecode.cpp.objcpp; path = ObjectDoc.mm; sourceTree = "<group>"; };
		05BE065716B43ECF00DF46D5 /* ObjectDocTests.xctest */ = {isa = PBXFileReference; explicitFileType = wrapper.cfbundle; includeInIndex = 0; path = ObjectDocTests.xctest; sourceTree = BUILT_PRODUCTS_DIR; };
		05BE066016B43ECF00DF46D5 /* objectdocTests-Info.plist */ = {isa = PBXFileReference; lastKnownFileType = text.plist.xml; path = "objectdocTests-Info.plist"; sourceTree = "<group>"; };
		05BE066216B43ECF00DF46D5 /* en */ = {isa = PBXFileReference; lastKnownFileType = text.plist.strings; name = en; path = en.lproj/InfoPlist.strings; sourceTree = "<group>"; };
		05BE067716B4422C00DF46D5 /* doctool */ = {isa = PBXFileReference; explicitFileType = "compiled.mach-o.executable"; includeInIndex = 0; path = doctool; sourceTree = BUILT_PRODUCTS_DIR; };
		05BE067916B4422C00DF46D5 /* Foundation.framework */ = {isa = PBXFileReference; lastKnownFileType = wrapper.framework; name = Foundation.framework; path = System/Library/Frameworks/Foundation.framework; sourceTree = SDKROOT; };
		05BE067C16B4422C00DF46D5 /* main.m */ = {isa = PBXFileReference; lastKnownFileType = sourcecode.c.objc; path = main.m; sourceTree = "<group>"; };
		C930081417C5C31C00FA8AB7 /* PLClangComment.h */ = {isa = PBXFileReference; fileEncoding = 4; lastKnownFileType = sourcecode.c.h; path = PLClangComment.h; sourceTree = "<group>"; };
		C930081517C5C31C00FA8AB7 /* PLClangComment.m */ = {isa = PBXFileReference; fileEncoding = 4; lastKnownFileType = sourcecode.c.objc; path = PLClangComment.m; sourceTree = "<group>"; };
		C930081817C5C34600FA8AB7 /* PLClangCommentPrivate.h */ = {isa = PBXFileReference; fileEncoding = 4; lastKnownFileType = sourcecode.c.h; path = PLClangCommentPrivate.h; sourceTree = "<group>"; };
		C930081A17C5C35300FA8AB7 /* PLClangCommentTests.m */ = {isa = PBXFileReference; fileEncoding = 4; lastKnownFileType = sourcecode.c.objc; path = PLClangCommentTests.m; sourceTree = "<group>"; };
		C9594E7417BF06F100CD7816 /* PLClang.h */ = {isa = PBXFileReference; fileEncoding = 4; lastKnownFileType = sourcecode.c.h; path = PLClang.h; sourceTree = "<group>"; };
		C9594E7517BF06F100CD7816 /* PLClang.m */ = {isa = PBXFileReference; fileEncoding = 4; lastKnownFileType = sourcecode.c.objc; path = PLClang.m; sourceTree = "<group>"; };
		C9594E7817BF104F00CD7816 /* PLClangUnsavedFile.h */ = {isa = PBXFileReference; fileEncoding = 4; lastKnownFileType = sourcecode.c.h; path = PLClangUnsavedFile.h; sourceTree = "<group>"; };
		C9594E7917BF104F00CD7816 /* PLClangUnsavedFile.m */ = {isa = PBXFileReference; fileEncoding = 4; lastKnownFileType = sourcecode.c.objc; path = PLClangUnsavedFile.m; sourceTree = "<group>"; };
		C9594E7C17BFBC9A00CD7816 /* PLClangCursor.h */ = {isa = PBXFileReference; fileEncoding = 4; lastKnownFileType = sourcecode.c.h; path = PLClangCursor.h; sourceTree = "<group>"; };
		C9594E7D17BFBC9A00CD7816 /* PLClangCursor.m */ = {isa = PBXFileReference; fileEncoding = 4; lastKnownFileType = sourcecode.c.objc; path = PLClangCursor.m; sourceTree = "<group>"; };
		C9594E8017BFBDA400CD7816 /* PLClangCursorPrivate.h */ = {isa = PBXFileReference; fileEncoding = 4; lastKnownFileType = sourcecode.c.h; path = PLClangCursorPrivate.h; sourceTree = "<group>"; };
		C95EA26617C9032C0038F8E4 /* PLClangToken.h */ = {isa = PBXFileReference; fileEncoding = 4; lastKnownFileType = sourcecode.c.h; path = PLClangToken.h; sourceTree = "<group>"; };
		C95EA26717C9032C0038F8E4 /* PLClangToken.m */ = {isa = PBXFileReference; fileEncoding = 4; lastKnownFileType = sourcecode.c.objc; path = PLClangToken.m; sourceTree = "<group>"; };
		C95EA26B17C903610038F8E4 /* PLClangTokenPrivate.h */ = {isa = PBXFileReference; fileEncoding = 4; lastKnownFileType = sourcecode.c.h; path = PLClangTokenPrivate.h; sourceTree = "<group>"; };
		C95EA26D17C9036C0038F8E4 /* PLClangTokenSet.h */ = {isa = PBXFileReference; fileEncoding = 4; lastKnownFileType = sourcecode.c.h; path = PLClangTokenSet.h; sourceTree = "<group>"; };
		C95EA26E17C9036C0038F8E4 /* PLClangTokenSet.m */ = {isa = PBXFileReference; fileEncoding = 4; lastKnownFileType = sourcecode.c.objc; path = PLClangTokenSet.m; sourceTree = "<group>"; };
		C95EA27117C903780038F8E4 /* PLClangTokenTests.m */ = {isa = PBXFileReference; fileEncoding = 4; lastKnownFileType = sourcecode.c.objc; path = PLClangTokenTests.m; sourceTree = "<group>"; };
		C95EA27317C9AA2F0038F8E4 /* PLClangSourceRange.h */ = {isa = PBXFileReference; fileEncoding = 4; lastKnownFileType = sourcecode.c.h; path = PLClangSourceRange.h; sourceTree = "<group>"; };
		C95EA27417C9AA2F0038F8E4 /* PLClangSourceRange.m */ = {isa = PBXFileReference; fileEncoding = 4; lastKnownFileType = sourcecode.c.objc; path = PLClangSourceRange.m; sourceTree = "<group>"; };
		C95EA27717C9AB570038F8E4 /* PLClangSourceRangePrivate.h */ = {isa = PBXFileReference; fileEncoding = 4; lastKnownFileType = sourcecode.c.h; path = PLClangSourceRangePrivate.h; sourceTree = "<group>"; };
		C95EA27917C9B7B30038F8E4 /* PLClangSourceLocationTests.m */ = {isa = PBXFileReference; fileEncoding = 4; lastKnownFileType = sourcecode.c.objc; path = PLClangSourceLocationTests.m; sourceTree = "<group>"; };
		C95EA27B17C9C4CB0038F8E4 /* PLClangSourceRangeTests.m */ = {isa = PBXFileReference; fileEncoding = 4; lastKnownFileType = sourcecode.c.objc; path = PLClangSourceRangeTests.m; sourceTree = "<group>"; };
		C9A921FA17C313510052CB64 /* PLClangType.h */ = {isa = PBXFileReference; fileEncoding = 4; lastKnownFileType = sourcecode.c.h; path = PLClangType.h; sourceTree = "<group>"; };
		C9A921FB17C313510052CB64 /* PLClangType.m */ = {isa = PBXFileReference; fileEncoding = 4; lastKnownFileType = sourcecode.c.objc; path = PLClangType.m; sourceTree = "<group>"; };
		C9A921FE17C3146A0052CB64 /* PLClangTypePrivate.h */ = {isa = PBXFileReference; fileEncoding = 4; lastKnownFileType = sourcecode.c.h; path = PLClangTypePrivate.h; sourceTree = "<group>"; };
		C9A9220017C31D960052CB64 /* PLClangTypeTests.m */ = {isa = PBXFileReference; fileEncoding = 4; lastKnownFileType = sourcecode.c.objc; path = PLClangTypeTests.m; sourceTree = "<group>"; };
		C9A9220417C3A7180052CB64 /* PLClangAvailability.h */ = {isa = PBXFileReference; fileEncoding = 4; lastKnownFileType = sourcecode.c.h; path = PLClangAvailability.h; sourceTree = "<group>"; };
		C9A9220517C3A7180052CB64 /* PLClangAvailability.m */ = {isa = PBXFileReference; fileEncoding = 4; lastKnownFileType = sourcecode.c.objc; path = PLClangAvailability.m; sourceTree = "<group>"; };
		C9A9220817C3A7290052CB64 /* PLClangPlatformAvailability.h */ = {isa = PBXFileReference; fileEncoding = 4; lastKnownFileType = sourcecode.c.h; path = PLClangPlatformAvailability.h; sourceTree = "<group>"; };
		C9A9220917C3A7290052CB64 /* PLClangPlatformAvailability.m */ = {isa = PBXFileReference; fileEncoding = 4; lastKnownFileType = sourcecode.c.objc; path = PLClangPlatformAvailability.m; sourceTree = "<group>"; };
		C9A9220D17C3A7F40052CB64 /* PLClangAvailabilityPrivate.h */ = {isa = PBXFileReference; fileEncoding = 4; lastKnownFileType = sourcecode.c.h; path = PLClangAvailabilityPrivate.h; sourceTree = "<group>"; };
		C9A9220F17C3A7FD0052CB64 /* PLClangAvailabilityTests.m */ = {isa = PBXFileReference; fileEncoding = 4; lastKnownFileType = sourcecode.c.objc; path = PLClangAvailabilityTests.m; sourceTree = "<group>"; };
		C9A9221117C3A9350052CB64 /* PLClangPlatformAvailabilityPrivate.h */ = {isa = PBXFileReference; fileEncoding = 4; lastKnownFileType = sourcecode.c.h; path = PLClangPlatformAvailabilityPrivate.h; sourceTree = "<group>"; };
		C9A9221317C3A9DA0052CB64 /* PLClangVersion.h */ = {isa = PBXFileReference; fileEncoding = 4; lastKnownFileType = sourcecode.c.h; path = PLClangVersion.h; sourceTree = "<group>"; };
		C9A9221417C3A9DA0052CB64 /* PLClangVersion.m */ = {isa = PBXFileReference; fileEncoding = 4; lastKnownFileType = sourcecode.c.objc; path = PLClangVersion.m; sourceTree = "<group>"; };
		C9A9221717C3A9F90052CB64 /* PLClangVersionPrivate.h */ = {isa = PBXFileReference; fileEncoding = 4; lastKnownFileType = sourcecode.c.h; path = PLClangVersionPrivate.h; sourceTree = "<group>"; };
		C9E8B1DB17D8C33200D7526D /* DTConfiguration.h */ = {isa = PBXFileReference; fileEncoding = 4; lastKnownFileType = sourcecode.c.h; path = DTConfiguration.h; sourceTree = "<group>"; };
		C9E8B1DC17D8C33200D7526D /* DTConfiguration.m */ = {isa = PBXFileReference; fileEncoding = 4; lastKnownFileType = sourcecode.c.objc; path = DTConfiguration.m; sourceTree = "<group>"; };
		C9E8B1DE17D8CCE100D7526D /* DTSourceParser.h */ = {isa = PBXFileReference; fileEncoding = 4; lastKnownFileType = sourcecode.c.h; path = DTSourceParser.h; sourceTree = "<group>"; };
		C9E8B1DF17D8CCE100D7526D /* DTSourceParser.m */ = {isa = PBXFileReference; fileEncoding = 4; lastKnownFileType = sourcecode.c.objc; path = DTSourceParser.m; sourceTree = "<group>"; };
		C9E8B1E117D8D04400D7526D /* DTNode.h */ = {isa = PBXFileReference; fileEncoding = 4; lastKnownFileType = sourcecode.c.h; path = DTNode.h; sourceTree = "<group>"; };
		C9E8B1E217D8D04400D7526D /* DTNode.m */ = {isa = PBXFileReference; fileEncoding = 4; lastKnownFileType = sourcecode.c.objc; path = DTNode.m; sourceTree = "<group>"; };
		C9E8B1E417D8D14300D7526D /* DTApplication.h */ = {isa = PBXFileReference; fileEncoding = 4; lastKnownFileType = sourcecode.c.h; path = DTApplication.h; sourceTree = "<group>"; };
		C9E8B1E517D8D14300D7526D /* DTApplication.m */ = {isa = PBXFileReference; fileEncoding = 4; lastKnownFileType = sourcecode.c.objc; path = DTApplication.m; sourceTree = "<group>"; };
		C9E8B1E717D8E76200D7526D /* DTLibrary.h */ = {isa = PBXFileReference; fileEncoding = 4; lastKnownFileType = sourcecode.c.h; path = DTLibrary.h; sourceTree = "<group>"; };
		C9E8B1E817D8E76200D7526D /* DTLibrary.m */ = {isa = PBXFileReference; fileEncoding = 4; lastKnownFileType = sourcecode.c.objc; path = DTLibrary.m; sourceTree = "<group>"; };
		C9E8B1EA17D8ECC300D7526D /* doctool-Info.plist */ = {isa = PBXFileReference; lastKnownFileType = text.plist.xml; path = "doctool-Info.plist"; sourceTree = "<group>"; };
		C9E8B1EB17D9208900D7526D /* DTTask.h */ = {isa = PBXFileReference; fileEncoding = 4; lastKnownFileType = sourcecode.c.h; path = DTTask.h; sourceTree = "<group>"; };
		C9E8B1EC17D9208900D7526D /* DTTask.m */ = {isa = PBXFileReference; fileEncoding = 4; lastKnownFileType = sourcecode.c.objc; path = DTTask.m; sourceTree = "<group>"; };
		C9E8B2EA17D9260F00D7526D /* docset.css */ = {isa = PBXFileReference; fileEncoding = 4; lastKnownFileType = text.css; path = docset.css; sourceTree = "<group>"; };
		C9E8B2EB17D9260F00D7526D /* index.html */ = {isa = PBXFileReference; fileEncoding = 4; lastKnownFileType = text.html; path = index.html; sourceTree = "<group>"; };
		C9E8B2EE17D9260F00D7526D /* nodes.xml */ = {isa = PBXFileReference; fileEncoding = 4; lastKnownFileType = text.xml; path = nodes.xml; sourceTree = "<group>"; };
		C9E8B2EF17D9260F00D7526D /* objc_container.html */ = {isa = PBXFileReference; fileEncoding = 4; lastKnownFileType = text.html; path = objc_container.html; sourceTree = "<group>"; };
		C9E8B2F017D9260F00D7526D /* objc_node.html */ = {isa = PBXFileReference; fileEncoding = 4; lastKnownFileType = text.html; path = objc_node.html; sourceTree = "<group>"; };
		C9E8B2F117D9260F00D7526D /* token.xml */ = {isa = PBXFileReference; fileEncoding = 4; lastKnownFileType = text.xml; path = token.xml; sourceTree = "<group>"; };
		C9E8B2F217D9260F00D7526D /* tokens.xml */ = {isa = PBXFileReference; fileEncoding = 4; lastKnownFileType = text.xml; path = tokens.xml; sourceTree = "<group>"; };
		C9E8B2FE17D9270600D7526D /* docset.js */ = {isa = PBXFileReference; lastKnownFileType = sourcecode.javascript; path = docset.js; sourceTree = "<group>"; };
		C9E8B30017D9279500D7526D /* DocTool.h */ = {isa = PBXFileReference; fileEncoding = 4; lastKnownFileType = sourcecode.c.h; path = DocTool.h; sourceTree = "<group>"; };
		C9E8B30117D9279500D7526D /* DocTool.m */ = {isa = PBXFileReference; fileEncoding = 4; lastKnownFileType = sourcecode.c.objc; path = DocTool.m; sourceTree = "<group>"; };
		C9E8B30317D9309200D7526D /* DTGenerator.h */ = {isa = PBXFileReference; fileEncoding = 4; lastKnownFileType = sourcecode.c.h; path = DTGenerator.h; sourceTree = "<group>"; };
		C9E8B30417D930C600D7526D /* DTHTMLGenerator.h */ = {isa = PBXFileReference; fileEncoding = 4; lastKnownFileType = sourcecode.c.h; path = DTHTMLGenerator.h; sourceTree = "<group>"; };
		C9E8B30517D930C600D7526D /* DTHTMLGenerator.m */ = {isa = PBXFileReference; fileEncoding = 4; lastKnownFileType = sourcecode.c.objc; path = DTHTMLGenerator.m; sourceTree = "<group>"; };
		C9E8B30717D930D000D7526D /* DTDocSetGenerator.h */ = {isa = PBXFileReference; fileEncoding = 4; lastKnownFileType = sourcecode.c.h; path = DTDocSetGenerator.h; sourceTree = "<group>"; };
		C9E8B30817D930D000D7526D /* DTDocSetGenerator.m */ = {isa = PBXFileReference; fileEncoding = 4; lastKnownFileType = sourcecode.c.objc; path = DTDocSetGenerator.m; sourceTree = "<group>"; };
		C9E8B30B17D978D200D7526D /* DTDoxygenCommands.h */ = {isa = PBXFileReference; fileEncoding = 4; lastKnownFileType = sourcecode.c.h; path = DTDoxygenCommands.h; sourceTree = "<group>"; };
		C9E8B30C17D978D200D7526D /* DTDoxygenCommands.m */ = {isa = PBXFileReference; fileEncoding = 4; lastKnownFileType = sourcecode.c.objc; path = DTDoxygenCommands.m; sourceTree = "<group>"; };
		C9E8B31217D97DB800D7526D /* GRMustache.h */ = {isa = PBXFileReference; lastKnownFileType = sourcecode.c.h; path = GRMustache.h; sourceTree = "<group>"; };
		C9E8B31317D97DB800D7526D /* GRMustacheAvailabilityMacros.h */ = {isa = PBXFileReference; lastKnownFileType = sourcecode.c.h; path = GRMustacheAvailabilityMacros.h; sourceTree = "<group>"; };
		C9E8B31417D97DB800D7526D /* GRMustacheConfiguration.h */ = {isa = PBXFileReference; lastKnownFileType = sourcecode.c.h; path = GRMustacheConfiguration.h; sourceTree = "<group>"; };
		C9E8B31517D97DB800D7526D /* GRMustacheContext.h */ = {isa = PBXFileReference; lastKnownFileType = sourcecode.c.h; path = GRMustacheContext.h; sourceTree = "<group>"; };
		C9E8B31617D97DB800D7526D /* GRMustacheError.h */ = {isa = PBXFileReference; lastKnownFileType = sourcecode.c.h; path = GRMustacheError.h; sourceTree = "<group>"; };
		C9E8B31717D97DB800D7526D /* GRMustacheFilter.h */ = {isa = PBXFileReference; lastKnownFileType = sourcecode.c.h; path = GRMustacheFilter.h; sourceTree = "<group>"; };
		C9E8B31817D97DB800D7526D /* GRMustacheLocalizer.h */ = {isa = PBXFileReference; lastKnownFileType = sourcecode.c.h; path = GRMustacheLocalizer.h; sourceTree = "<group>"; };
		C9E8B31917D97DB800D7526D /* GRMustacheRendering.h */ = {isa = PBXFileReference; lastKnownFileType = sourcecode.c.h; path = GRMustacheRendering.h; sourceTree = "<group>"; };
		C9E8B31A17D97DB800D7526D /* GRMustacheTag.h */ = {isa = PBXFileReference; lastKnownFileType = sourcecode.c.h; path = GRMustacheTag.h; sourceTree = "<group>"; };
		C9E8B31B17D97DB800D7526D /* GRMustacheTagDelegate.h */ = {isa = PBXFileReference; lastKnownFileType = sourcecode.c.h; path = GRMustacheTagDelegate.h; sourceTree = "<group>"; };
		C9E8B31C17D97DB800D7526D /* GRMustacheTemplate.h */ = {isa = PBXFileReference; lastKnownFileType = sourcecode.c.h; path = GRMustacheTemplate.h; sourceTree = "<group>"; };
		C9E8B31D17D97DB800D7526D /* GRMustacheTemplateRepository.h */ = {isa = PBXFileReference; lastKnownFileType = sourcecode.c.h; path = GRMustacheTemplateRepository.h; sourceTree = "<group>"; };
		C9E8B31E17D97DB800D7526D /* GRMustacheVersion.h */ = {isa = PBXFileReference; lastKnownFileType = sourcecode.c.h; path = GRMustacheVersion.h; sourceTree = "<group>"; };
		C9E8B31F17D97DB800D7526D /* NSFormatter+GRMustache.h */ = {isa = PBXFileReference; lastKnownFileType = sourcecode.c.h; path = "NSFormatter+GRMustache.h"; sourceTree = "<group>"; };
		C9E8B32017D97DB800D7526D /* NSValueTransformer+GRMustache.h */ = {isa = PBXFileReference; lastKnownFileType = sourcecode.c.h; path = "NSValueTransformer+GRMustache.h"; sourceTree = "<group>"; };
		C9E8B32317D97DB800D7526D /* libGRMustache6-MacOS.a */ = {isa = PBXFileReference; lastKnownFileType = archive.ar; path = "libGRMustache6-MacOS.a"; sourceTree = "<group>"; };
		C9F243BC17C08E75005E01BF /* PLClangNSString.h */ = {isa = PBXFileReference; fileEncoding = 4; lastKnownFileType = sourcecode.c.h; path = PLClangNSString.h; sourceTree = "<group>"; };
		C9F243BD17C08E75005E01BF /* PLClangNSString.m */ = {isa = PBXFileReference; fileEncoding = 4; lastKnownFileType = sourcecode.c.objc; path = PLClangNSString.m; sourceTree = "<group>"; };
		C9F243C017C11090005E01BF /* PLClangCursorTests.m */ = {isa = PBXFileReference; fileEncoding = 4; lastKnownFileType = sourcecode.c.objc; path = PLClangCursorTests.m; sourceTree = "<group>"; };
		C9F243C217C11196005E01BF /* PLClangTestCase.h */ = {isa = PBXFileReference; fileEncoding = 4; lastKnownFileType = sourcecode.c.h; path = PLClangTestCase.h; sourceTree = "<group>"; };
		C9F243C317C11196005E01BF /* PLClangTestCase.m */ = {isa = PBXFileReference; fileEncoding = 4; lastKnownFileType = sourcecode.c.objc; path = PLClangTestCase.m; sourceTree = "<group>"; };
		C9F6C030194405F300D3011F /* clang */ = {isa = PBXFileReference; lastKnownFileType = text; name = clang; path = "../clang-install/lib/clang"; sourceTree = BUILT_PRODUCTS_DIR; };
		FCE4500562CD408DEE335EAC /* PLClangSourceIndex.h */ = {isa = PBXFileReference; fileEncoding = 4; lastKnownFileType = sourcecode.c.h; name = PLClangSourceIndex.h; path = ObjectDoc/PLClangSourceIndex.h; sourceTree = SOURCE_ROOT; };
		FCE4502439DC9B6948831382 /* PLAdditions.h */ = {isa = PBXFileReference; fileEncoding = 4; lastKnownFileType = sourcecode.c.h; path = PLAdditions.h; sourceTree = "<group>"; };
		FCE4509877E08051C0B7C274 /* PLClangTranslationUnitPrivate.h */ = {isa = PBXFileReference; fileEncoding = 4; lastKnownFileType = sourcecode.c.h; name = PLClangTranslationUnitPrivate.h; path = ObjectDoc/PLClangTranslationUnitPrivate.h; sourceTree = SOURCE_ROOT; };
		FCE451013882A66295B6A523 /* PLClangDiagnosticPrivate.h */ = {isa = PBXFileReference; fileEncoding = 4; lastKnownFileType = sourcecode.c.h; path = PLClangDiagnosticPrivate.h; sourceTree = "<group>"; };
		FCE45165762E8F8E1A2A74E2 /* PLClangTranslationUnitTests.m */ = {isa = PBXFileReference; fileEncoding = 4; lastKnownFileType = sourcecode.c.objc; path = PLClangTranslationUnitTests.m; sourceTree = "<group>"; };
		FCE4517E1BB8112F853B6650 /* PLSourceLocation.h */ = {isa = PBXFileReference; fileEncoding = 4; lastKnownFileType = sourcecode.c.h; path = PLSourceLocation.h; sourceTree = "<group>"; };
		FCE453694BFE6D746385BDAB /* PLSourceLocation.m */ = {isa = PBXFileReference; fileEncoding = 4; lastKnownFileType = sourcecode.c.objc; path = PLSourceLocation.m; sourceTree = "<group>"; };
		FCE4542392BFBF3685830197 /* PLClangSourceLocation.m */ = {isa = PBXFileReference; fileEncoding = 4; lastKnownFileType = sourcecode.c.objc; path = PLClangSourceLocation.m; sourceTree = "<group>"; };
		FCE455207D161C04C0735E9F /* PLClangDiagnostic.m */ = {isa = PBXFileReference; fileEncoding = 4; lastKnownFileType = sourcecode.c.objc; name = PLClangDiagnostic.m; path = ObjectDoc/PLClangDiagnostic.m; sourceTree = SOURCE_ROOT; };
		FCE4576CFA89A9EA19B558F9 /* PLClangDiagnostic.h */ = {isa = PBXFileReference; fileEncoding = 4; lastKnownFileType = sourcecode.c.h; path = PLClangDiagnostic.h; sourceTree = "<group>"; };
		FCE45B6AFBA6F2AB9BFC7158 /* PLClangSourceLocation.h */ = {isa = PBXFileReference; fileEncoding = 4; lastKnownFileType = sourcecode.c.h; path = PLClangSourceLocation.h; sourceTree = "<group>"; };
		FCE45B80F05F0110FB4FDD2B /* PLClangTranslationUnit.h */ = {isa = PBXFileReference; fileEncoding = 4; lastKnownFileType = sourcecode.c.h; name = PLClangTranslationUnit.h; path = ObjectDoc/PLClangTranslationUnit.h; sourceTree = SOURCE_ROOT; };
		FCE45E244C142558C5D4C756 /* PLClangSourceIndex.m */ = {isa = PBXFileReference; fileEncoding = 4; lastKnownFileType = sourcecode.c.objc; name = PLClangSourceIndex.m; path = ObjectDoc/PLClangSourceIndex.m; sourceTree = SOURCE_ROOT; };
		FCE45EBF5B5ECF9D0C09F313 /* PLClangSourceIndexTests.m */ = {isa = PBXFileReference; fileEncoding = 4; lastKnownFileType = sourcecode.c.objc; name = PLClangSourceIndexTests.m; path = ObjectDoc/PLClangSourceIndexTests.m; sourceTree = SOURCE_ROOT; };
		FCE45F1FA9A659F1E1ECF0D4 /* PLClangTranslationUnit.m */ = {isa = PBXFileReference; fileEncoding = 4; lastKnownFileType = sourcecode.c.objc; name = PLClangTranslationUnit.m; path = ObjectDoc/PLClangTranslationUnit.m; sourceTree = SOURCE_ROOT; };
		FCE45F27005C44A99E4A1F06 /* PLClangSourceLocationPrivate.h */ = {isa = PBXFileReference; fileEncoding = 4; lastKnownFileType = sourcecode.c.h; path = PLClangSourceLocationPrivate.h; sourceTree = "<group>"; };
/* End PBXFileReference section */

/* Begin PBXFrameworksBuildPhase section */
		05BE063B16B43ECE00DF46D5 /* Frameworks */ = {
			isa = PBXFrameworksBuildPhase;
			buildActionMask = 2147483647;
			files = (
				05BE068E16B4494200DF46D5 /* Foundation.framework in Frameworks */,
			);
			runOnlyForDeploymentPostprocessing = 0;
		};
		05BE065316B43ECF00DF46D5 /* Frameworks */ = {
			isa = PBXFrameworksBuildPhase;
			buildActionMask = 2147483647;
			files = (
				05BE065A16B43ECF00DF46D5 /* Cocoa.framework in Frameworks */,
				05BE065D16B43ECF00DF46D5 /* ObjectDoc.framework in Frameworks */,
			);
			runOnlyForDeploymentPostprocessing = 0;
		};
		05BE067416B4422C00DF46D5 /* Frameworks */ = {
			isa = PBXFrameworksBuildPhase;
			buildActionMask = 2147483647;
			files = (
				05BE067A16B4422C00DF46D5 /* Foundation.framework in Frameworks */,
				05BE068716B4424900DF46D5 /* ObjectDoc.framework in Frameworks */,
				C9E8B32417D97DC700D7526D /* libGRMustache6-MacOS.a in Frameworks */,
			);
			runOnlyForDeploymentPostprocessing = 0;
		};
/* End PBXFrameworksBuildPhase section */

/* Begin PBXGroup section */
		05A2157C19008B310050A058 /* LLVM */ = {
			isa = PBXGroup;
			children = (
				C9F6C030194405F300D3011F /* clang */,
				05A2157D19008B310050A058 /* cfe-4.0.0.src.tar.xz */,
				05A2157E19008B310050A058 /* cfe-4.0.0.src.tar.xz.sig */,
				05A2157F19008B310050A058 /* llvm-4.0.0.src.tar.xz */,
				05A2158019008B310050A058 /* llvm-4.0.0.src.tar.xz.sig */,
			);
			name = LLVM;
			path = Dependencies/LLVM;
			sourceTree = "<group>";
		};
		05BE063316B43ECE00DF46D5 = {
			isa = PBXGroup;
			children = (
				05BE064816B43ECE00DF46D5 /* ObjectDoc */,
				05BE065E16B43ECF00DF46D5 /* ObjectDocTests */,
				05BE067B16B4422C00DF46D5 /* doctool */,
				05BE064116B43ECE00DF46D5 /* Frameworks */,
				C9E8B30F17D97D8400D7526D /* Dependencies */,
				05BE064016B43ECE00DF46D5 /* Products */,
			);
			indentWidth = 4;
			sourceTree = "<group>";
			tabWidth = 4;
			usesTabs = 0;
		};
		05BE064016B43ECE00DF46D5 /* Products */ = {
			isa = PBXGroup;
			children = (
				05BE063F16B43ECE00DF46D5 /* ObjectDoc.framework */,
				05BE065716B43ECF00DF46D5 /* ObjectDocTests.xctest */,
				05BE067716B4422C00DF46D5 /* doctool */,
			);
			name = Products;
			sourceTree = "<group>";
		};
		05BE064116B43ECE00DF46D5 /* Frameworks */ = {
			isa = PBXGroup;
			children = (
				05BE064216B43ECE00DF46D5 /* Cocoa.framework */,
				05BE067916B4422C00DF46D5 /* Foundation.framework */,
				05BE064416B43ECE00DF46D5 /* Other Frameworks */,
			);
			name = Frameworks;
			sourceTree = "<group>";
		};
		05BE064416B43ECE00DF46D5 /* Other Frameworks */ = {
			isa = PBXGroup;
			children = (
				05BE064516B43ECE00DF46D5 /* AppKit.framework */,
				05BE064616B43ECE00DF46D5 /* CoreData.framework */,
				05BE064716B43ECE00DF46D5 /* Foundation.framework */,
			);
			name = "Other Frameworks";
			sourceTree = "<group>";
		};
		05BE064816B43ECE00DF46D5 /* ObjectDoc */ = {
			isa = PBXGroup;
			children = (
				05BE064F16B43ECE00DF46D5 /* ObjectDoc.h */,
				05BE065016B43ECE00DF46D5 /* ObjectDoc.mm */,
				05BE064916B43ECE00DF46D5 /* Supporting Files */,
				FCE45DBA8B77A89587FFFCBD /* Source Tools */,
				FCE4502439DC9B6948831382 /* PLAdditions.h */,
			);
			path = ObjectDoc;
			sourceTree = SOURCE_ROOT;
		};
		05BE064916B43ECE00DF46D5 /* Supporting Files */ = {
			isa = PBXGroup;
			children = (
				05BE064A16B43ECE00DF46D5 /* objectdoc-Info.plist */,
				05BE064B16B43ECE00DF46D5 /* InfoPlist.strings */,
			);
			name = "Supporting Files";
			sourceTree = "<group>";
		};
		05BE065E16B43ECF00DF46D5 /* ObjectDocTests */ = {
			isa = PBXGroup;
			children = (
				05BE065F16B43ECF00DF46D5 /* Supporting Files */,
			);
			name = ObjectDocTests;
			path = objectdocTests;
			sourceTree = "<group>";
		};
		05BE065F16B43ECF00DF46D5 /* Supporting Files */ = {
			isa = PBXGroup;
			children = (
				05BE066016B43ECF00DF46D5 /* objectdocTests-Info.plist */,
				05BE066116B43ECF00DF46D5 /* InfoPlist.strings */,
			);
			name = "Supporting Files";
			sourceTree = "<group>";
		};
		05BE067B16B4422C00DF46D5 /* doctool */ = {
			isa = PBXGroup;
			children = (
				C9E8B30017D9279500D7526D /* DocTool.h */,
				C9E8B30117D9279500D7526D /* DocTool.m */,
				C9E8B1E417D8D14300D7526D /* DTApplication.h */,
				C9E8B1E517D8D14300D7526D /* DTApplication.m */,
				C9E8B1DB17D8C33200D7526D /* DTConfiguration.h */,
				C9E8B1DC17D8C33200D7526D /* DTConfiguration.m */,
				C9E8B30717D930D000D7526D /* DTDocSetGenerator.h */,
				C9E8B30817D930D000D7526D /* DTDocSetGenerator.m */,
				C9E8B30B17D978D200D7526D /* DTDoxygenCommands.h */,
				C9E8B30C17D978D200D7526D /* DTDoxygenCommands.m */,
				C9E8B30317D9309200D7526D /* DTGenerator.h */,
				C9E8B30417D930C600D7526D /* DTHTMLGenerator.h */,
				C9E8B30517D930C600D7526D /* DTHTMLGenerator.m */,
				C9E8B1E717D8E76200D7526D /* DTLibrary.h */,
				C9E8B1E817D8E76200D7526D /* DTLibrary.m */,
				C9E8B1E117D8D04400D7526D /* DTNode.h */,
				C9E8B1E217D8D04400D7526D /* DTNode.m */,
				C9E8B1DE17D8CCE100D7526D /* DTSourceParser.h */,
				C9E8B1DF17D8CCE100D7526D /* DTSourceParser.m */,
				C9E8B1EB17D9208900D7526D /* DTTask.h */,
				C9E8B1EC17D9208900D7526D /* DTTask.m */,
				05BE067C16B4422C00DF46D5 /* main.m */,
				C9E8B2E717D925F700D7526D /* Resources */,
				05BE067E16B4422C00DF46D5 /* Supporting Files */,
			);
			path = doctool;
			sourceTree = "<group>";
		};
		05BE067E16B4422C00DF46D5 /* Supporting Files */ = {
			isa = PBXGroup;
			children = (
				C9E8B1EA17D8ECC300D7526D /* doctool-Info.plist */,
			);
			name = "Supporting Files";
			sourceTree = "<group>";
		};
		C9E8B2E717D925F700D7526D /* Resources */ = {
			isa = PBXGroup;
			children = (
				C9E8B2E817D9260F00D7526D /* templates */,
			);
			name = Resources;
			sourceTree = "<group>";
		};
		C9E8B2E817D9260F00D7526D /* templates */ = {
			isa = PBXGroup;
			children = (
				C9E8B2E917D9260F00D7526D /* css */,
				C9E8B2EB17D9260F00D7526D /* index.html */,
				C9E8B2EC17D9260F00D7526D /* js */,
				C9E8B2EE17D9260F00D7526D /* nodes.xml */,
				C9E8B2EF17D9260F00D7526D /* objc_container.html */,
				C9E8B2F017D9260F00D7526D /* objc_node.html */,
				C9E8B2F117D9260F00D7526D /* token.xml */,
				C9E8B2F217D9260F00D7526D /* tokens.xml */,
			);
			path = templates;
			sourceTree = "<group>";
		};
		C9E8B2E917D9260F00D7526D /* css */ = {
			isa = PBXGroup;
			children = (
				C9E8B2EA17D9260F00D7526D /* docset.css */,
			);
			path = css;
			sourceTree = "<group>";
		};
		C9E8B2EC17D9260F00D7526D /* js */ = {
			isa = PBXGroup;
			children = (
				C9E8B2FE17D9270600D7526D /* docset.js */,
			);
			path = js;
			sourceTree = "<group>";
		};
		C9E8B30F17D97D8400D7526D /* Dependencies */ = {
			isa = PBXGroup;
			children = (
				05A2158119008B310050A058 /* README.txt */,
				05A2157C19008B310050A058 /* LLVM */,
				C9E8B31017D97D9E00D7526D /* GRMustache */,
			);
			name = Dependencies;
			sourceTree = "<group>";
		};
		C9E8B31017D97D9E00D7526D /* GRMustache */ = {
			isa = PBXGroup;
			children = (
				C9E8B31117D97DB800D7526D /* include */,
				C9E8B32117D97DB800D7526D /* lib */,
			);
			name = GRMustache;
			path = Dependencies/GRMustache;
			sourceTree = "<group>";
		};
		C9E8B31117D97DB800D7526D /* include */ = {
			isa = PBXGroup;
			children = (
				C9E8B31217D97DB800D7526D /* GRMustache.h */,
				C9E8B31317D97DB800D7526D /* GRMustacheAvailabilityMacros.h */,
				C9E8B31417D97DB800D7526D /* GRMustacheConfiguration.h */,
				C9E8B31517D97DB800D7526D /* GRMustacheContext.h */,
				C9E8B31617D97DB800D7526D /* GRMustacheError.h */,
				C9E8B31717D97DB800D7526D /* GRMustacheFilter.h */,
				C9E8B31817D97DB800D7526D /* GRMustacheLocalizer.h */,
				C9E8B31917D97DB800D7526D /* GRMustacheRendering.h */,
				C9E8B31A17D97DB800D7526D /* GRMustacheTag.h */,
				C9E8B31B17D97DB800D7526D /* GRMustacheTagDelegate.h */,
				C9E8B31C17D97DB800D7526D /* GRMustacheTemplate.h */,
				C9E8B31D17D97DB800D7526D /* GRMustacheTemplateRepository.h */,
				C9E8B31E17D97DB800D7526D /* GRMustacheVersion.h */,
				C9E8B31F17D97DB800D7526D /* NSFormatter+GRMustache.h */,
				C9E8B32017D97DB800D7526D /* NSValueTransformer+GRMustache.h */,
			);
			path = include;
			sourceTree = "<group>";
		};
		C9E8B32117D97DB800D7526D /* lib */ = {
			isa = PBXGroup;
			children = (
				C9E8B32317D97DB800D7526D /* libGRMustache6-MacOS.a */,
			);
			path = lib;
			sourceTree = "<group>";
		};
		FCE45D525275A511EEFA311F /* Clang */ = {
			isa = PBXGroup;
			children = (
				C9594E7417BF06F100CD7816 /* PLClang.h */,
				C9594E7517BF06F100CD7816 /* PLClang.m */,
				C9A9220417C3A7180052CB64 /* PLClangAvailability.h */,
				C9A9220517C3A7180052CB64 /* PLClangAvailability.m */,
				C9A9220D17C3A7F40052CB64 /* PLClangAvailabilityPrivate.h */,
				C9A9220F17C3A7FD0052CB64 /* PLClangAvailabilityTests.m */,
				C930081417C5C31C00FA8AB7 /* PLClangComment.h */,
				C930081517C5C31C00FA8AB7 /* PLClangComment.m */,
				C930081817C5C34600FA8AB7 /* PLClangCommentPrivate.h */,
				C930081A17C5C35300FA8AB7 /* PLClangCommentTests.m */,
				C9594E7C17BFBC9A00CD7816 /* PLClangCursor.h */,
				C9594E7D17BFBC9A00CD7816 /* PLClangCursor.m */,
				C9594E8017BFBDA400CD7816 /* PLClangCursorPrivate.h */,
				C9F243C017C11090005E01BF /* PLClangCursorTests.m */,
				FCE4576CFA89A9EA19B558F9 /* PLClangDiagnostic.h */,
				FCE455207D161C04C0735E9F /* PLClangDiagnostic.m */,
				FCE451013882A66295B6A523 /* PLClangDiagnosticPrivate.h */,
				C9F243BC17C08E75005E01BF /* PLClangNSString.h */,
				C9F243BD17C08E75005E01BF /* PLClangNSString.m */,
				C9A9220817C3A7290052CB64 /* PLClangPlatformAvailability.h */,
				C9A9220917C3A7290052CB64 /* PLClangPlatformAvailability.m */,
				C9A9221117C3A9350052CB64 /* PLClangPlatformAvailabilityPrivate.h */,
				FCE4500562CD408DEE335EAC /* PLClangSourceIndex.h */,
				FCE45E244C142558C5D4C756 /* PLClangSourceIndex.m */,
				FCE45EBF5B5ECF9D0C09F313 /* PLClangSourceIndexTests.m */,
				FCE45B6AFBA6F2AB9BFC7158 /* PLClangSourceLocation.h */,
				FCE4542392BFBF3685830197 /* PLClangSourceLocation.m */,
				FCE45F27005C44A99E4A1F06 /* PLClangSourceLocationPrivate.h */,
				C95EA27917C9B7B30038F8E4 /* PLClangSourceLocationTests.m */,
				C95EA27317C9AA2F0038F8E4 /* PLClangSourceRange.h */,
				C95EA27417C9AA2F0038F8E4 /* PLClangSourceRange.m */,
				C95EA27717C9AB570038F8E4 /* PLClangSourceRangePrivate.h */,
				C95EA27B17C9C4CB0038F8E4 /* PLClangSourceRangeTests.m */,
				C9F243C217C11196005E01BF /* PLClangTestCase.h */,
				C9F243C317C11196005E01BF /* PLClangTestCase.m */,
				C95EA26617C9032C0038F8E4 /* PLClangToken.h */,
				C95EA26717C9032C0038F8E4 /* PLClangToken.m */,
				C95EA26B17C903610038F8E4 /* PLClangTokenPrivate.h */,
				C95EA26D17C9036C0038F8E4 /* PLClangTokenSet.h */,
				C95EA26E17C9036C0038F8E4 /* PLClangTokenSet.m */,
				C95EA27117C903780038F8E4 /* PLClangTokenTests.m */,
				FCE45B80F05F0110FB4FDD2B /* PLClangTranslationUnit.h */,
				FCE45F1FA9A659F1E1ECF0D4 /* PLClangTranslationUnit.m */,
				FCE4509877E08051C0B7C274 /* PLClangTranslationUnitPrivate.h */,
				FCE45165762E8F8E1A2A74E2 /* PLClangTranslationUnitTests.m */,
				C9A921FA17C313510052CB64 /* PLClangType.h */,
				C9A921FB17C313510052CB64 /* PLClangType.m */,
				C9A921FE17C3146A0052CB64 /* PLClangTypePrivate.h */,
				C9A9220017C31D960052CB64 /* PLClangTypeTests.m */,
				C9594E7817BF104F00CD7816 /* PLClangUnsavedFile.h */,
				C9594E7917BF104F00CD7816 /* PLClangUnsavedFile.m */,
				C9A9221317C3A9DA0052CB64 /* PLClangVersion.h */,
				C9A9221417C3A9DA0052CB64 /* PLClangVersion.m */,
				C9A9221717C3A9F90052CB64 /* PLClangVersionPrivate.h */,
			);
			name = Clang;
			sourceTree = "<group>";
		};
		FCE45DBA8B77A89587FFFCBD /* Source Tools */ = {
			isa = PBXGroup;
			children = (
				FCE45D525275A511EEFA311F /* Clang */,
				FCE453694BFE6D746385BDAB /* PLSourceLocation.m */,
				FCE4517E1BB8112F853B6650 /* PLSourceLocation.h */,
			);
			name = "Source Tools";
			sourceTree = "<group>";
		};
/* End PBXGroup section */

/* Begin PBXHeadersBuildPhase section */
		05BE063C16B43ECE00DF46D5 /* Headers */ = {
			isa = PBXHeadersBuildPhase;
			buildActionMask = 2147483647;
			files = (
				05BE068D16B4474100DF46D5 /* ObjectDoc.h in Headers */,
				C9A9220617C3A7180052CB64 /* PLClangAvailability.h in Headers */,
				FCE4575C39A4106D000DF0D4 /* PLClangSourceIndex.h in Headers */,
				C9594E7617BF06F100CD7816 /* PLClang.h in Headers */,
				FCE45B63F2F1F5AFFDA3C842 /* PLClangTranslationUnit.h in Headers */,
				C9A9220E17C3A7F40052CB64 /* PLClangAvailabilityPrivate.h in Headers */,
				C9A921FF17C3146A0052CB64 /* PLClangTypePrivate.h in Headers */,
				FCE4543E40F4E5713B72D5C9 /* PLAdditions.h in Headers */,
				C9594E7A17BF104F00CD7816 /* PLClangUnsavedFile.h in Headers */,
				C9A9220A17C3A7290052CB64 /* PLClangPlatformAvailability.h in Headers */,
				C9A921FC17C313510052CB64 /* PLClangType.h in Headers */,
				C9A9221817C3A9F90052CB64 /* PLClangVersionPrivate.h in Headers */,
				C9594E8117BFBDA400CD7816 /* PLClangCursorPrivate.h in Headers */,
				FCE45EA2F91E94E0FE73EDCB /* PLClangTranslationUnitPrivate.h in Headers */,
				FCE4508CD72B9C5BAAF6F603 /* PLClangDiagnostic.h in Headers */,
				C9F243BE17C08E75005E01BF /* PLClangNSString.h in Headers */,
				C9594E7E17BFBC9A00CD7816 /* PLClangCursor.h in Headers */,
				FCE4511607B3484B969529F5 /* PLSourceLocation.h in Headers */,
				C95EA26817C9032C0038F8E4 /* PLClangToken.h in Headers */,
				C930081617C5C31C00FA8AB7 /* PLClangComment.h in Headers */,
				C95EA26F17C9036C0038F8E4 /* PLClangTokenSet.h in Headers */,
				FCE45A9FBF8CE57D471E862C /* PLClangDiagnosticPrivate.h in Headers */,
				FCE45AA53B7B32357124F65E /* PLClangSourceLocation.h in Headers */,
				C95EA27517C9AA2F0038F8E4 /* PLClangSourceRange.h in Headers */,
				C9A9221517C3A9DA0052CB64 /* PLClangVersion.h in Headers */,
				FCE451617D97D37E53EE138F /* PLClangSourceLocationPrivate.h in Headers */,
				C930081917C5C34600FA8AB7 /* PLClangCommentPrivate.h in Headers */,
				C9A9221217C3A9350052CB64 /* PLClangPlatformAvailabilityPrivate.h in Headers */,
				C95EA26C17C903610038F8E4 /* PLClangTokenPrivate.h in Headers */,
				C95EA27817C9AB570038F8E4 /* PLClangSourceRangePrivate.h in Headers */,
			);
			runOnlyForDeploymentPostprocessing = 0;
		};
/* End PBXHeadersBuildPhase section */

/* Begin PBXNativeTarget section */
		05BE063E16B43ECE00DF46D5 /* ObjectDoc */ = {
			isa = PBXNativeTarget;
			buildConfigurationList = 05BE066916B43ECF00DF46D5 /* Build configuration list for PBXNativeTarget "ObjectDoc" */;
			buildPhases = (
				05BE063A16B43ECE00DF46D5 /* Sources */,
				05BE063B16B43ECE00DF46D5 /* Frameworks */,
				05BE063C16B43ECE00DF46D5 /* Headers */,
				05BE063D16B43ECE00DF46D5 /* Resources */,
				C9F6C0321944065A00D3011F /* Copy Clang Headers */,
			);
			buildRules = (
			);
			dependencies = (
				05A2158319008E430050A058 /* PBXTargetDependency */,
			);
			name = ObjectDoc;
			productName = objectdoc;
			productReference = 05BE063F16B43ECE00DF46D5 /* ObjectDoc.framework */;
			productType = "com.apple.product-type.framework";
		};
		05BE065616B43ECF00DF46D5 /* ObjectDocTests */ = {
			isa = PBXNativeTarget;
			buildConfigurationList = 05BE066C16B43ECF00DF46D5 /* Build configuration list for PBXNativeTarget "ObjectDocTests" */;
			buildPhases = (
				05BE065216B43ECF00DF46D5 /* Sources */,
				05BE065316B43ECF00DF46D5 /* Frameworks */,
				05BE065416B43ECF00DF46D5 /* Resources */,
			);
			buildRules = (
			);
			dependencies = (
				05BE065C16B43ECF00DF46D5 /* PBXTargetDependency */,
			);
			name = ObjectDocTests;
			productName = objectdocTests;
			productReference = 05BE065716B43ECF00DF46D5 /* ObjectDocTests.xctest */;
			productType = "com.apple.product-type.bundle.unit-test";
		};
		05BE067616B4422C00DF46D5 /* doctool */ = {
			isa = PBXNativeTarget;
			buildConfigurationList = 05BE068216B4422C00DF46D5 /* Build configuration list for PBXNativeTarget "doctool" */;
			buildPhases = (
				05BE067316B4422C00DF46D5 /* Sources */,
				05BE067416B4422C00DF46D5 /* Frameworks */,
				05BE067516B4422C00DF46D5 /* Copy Manpage */,
				C9E8B2F417D9262700D7526D /* Copy Templates */,
				C9E8B2FA17D9266F00D7526D /* Copy Template CSS */,
				C9E8B2FC17D9269000D7526D /* Copy Template JavaScript */,
			);
			buildRules = (
			);
			dependencies = (
				05BE068616B4424500DF46D5 /* PBXTargetDependency */,
			);
			name = doctool;
			productName = doctool;
			productReference = 05BE067716B4422C00DF46D5 /* doctool */;
			productType = "com.apple.product-type.tool";
		};
/* End PBXNativeTarget section */

/* Begin PBXProject section */
		05BE063516B43ECE00DF46D5 /* Project object */ = {
			isa = PBXProject;
			attributes = {
				LastUpgradeCheck = 0820;
				ORGANIZATIONNAME = "Landon Fuller";
				TargetAttributes = {
					05BE065616B43ECF00DF46D5 = {
						TestTargetID = 05BE063E16B43ECE00DF46D5;
					};
				};
			};
			buildConfigurationList = 05BE063816B43ECE00DF46D5 /* Build configuration list for PBXProject "ObjectDoc" */;
			compatibilityVersion = "Xcode 3.2";
			developmentRegion = English;
			hasScannedForEncodings = 0;
			knownRegions = (
				en,
			);
			mainGroup = 05BE063316B43ECE00DF46D5;
			productRefGroup = 05BE064016B43ECE00DF46D5 /* Products */;
			projectDirPath = "";
			projectRoot = "";
			targets = (
				05BE063E16B43ECE00DF46D5 /* ObjectDoc */,
				05BE065616B43ECF00DF46D5 /* ObjectDocTests */,
				05BE067616B4422C00DF46D5 /* doctool */,
				05A2157719008A910050A058 /* clang */,
			);
		};
/* End PBXProject section */

/* Begin PBXResourcesBuildPhase section */
		05BE063D16B43ECE00DF46D5 /* Resources */ = {
			isa = PBXResourcesBuildPhase;
			buildActionMask = 2147483647;
			files = (
				05BE064D16B43ECE00DF46D5 /* InfoPlist.strings in Resources */,
			);
			runOnlyForDeploymentPostprocessing = 0;
		};
		05BE065416B43ECF00DF46D5 /* Resources */ = {
			isa = PBXResourcesBuildPhase;
			buildActionMask = 2147483647;
			files = (
				05BE066316B43ECF00DF46D5 /* InfoPlist.strings in Resources */,
			);
			runOnlyForDeploymentPostprocessing = 0;
		};
/* End PBXResourcesBuildPhase section */

/* Begin PBXShellScriptBuildPhase section */
		05A2157B19008A9F0050A058 /* ShellScript */ = {
			isa = PBXShellScriptBuildPhase;
			buildActionMask = 12;
			files = (
			);
			inputPaths = (
				"$(LLVM_SRC)",
				"$(CLANG_SRC)",
			);
			outputPaths = (
				"${BUILT_PRODUCTS_DIR}/${PRODUCT_NAME}/build.stamp",
			);
			runOnlyForDeploymentPostprocessing = 0;
			shellPath = /bin/sh;
			shellScript = "BUILDDIR=\"${BUILT_PRODUCTS_DIR}/${PRODUCT_NAME}/llvm-build\"\nLLVM_SRC_DIR=\"${BUILDDIR}/llvm-${LLVM_VERSION}.src\"\nCLANG_SRC_DIR=\"${LLVM_SRC_DIR}/tools/clang\"\nLOG=${BUILDDIR}/log\n\nPATH=${PATH}:/usr/local/bin:/opt/local/bin\nCMAKE_PATH=`which cmake`\n\n# We use env to clean any conflicting environmental variables\n# set by Xcode\nENV_CLEAN=\"env -i \\\"PATH=${PATH}\\\"\"\n\n# Set up the build directory\nmkdir -p \"${BUILDDIR}\"\npushd \"${BUILDDIR}\" >/dev/null\n\n# Extract LLVM + Clang\nif [ ! -d \"${LLVM_SRC_DIR}\" ]; then\ntar -C \"${BUILDDIR}\" -zxf \"${LLVM_SRC}\"\nfi\n\nif [ ! -d \"${CLANG_SRC_DIR}\" ]; then\n    tar -C \"${LLVM_SRC_DIR}/tools\" -zxf \"${CLANG_SRC}\"\n\n    pushd \"${LLVM_SRC_DIR}/tools\" >/dev/null\n    mv \"cfe-${LLVM_VERSION}.src\" \"clang\"\n    popd >/dev/null\n\n    # Apply Clang patch\n    if [ ! -z \"${CLANG_PATCH}\" ]; then\n      pushd \"${CLANG_SRC_DIR}\" >/dev/null\n      patch -p0 < \"${CLANG_PATCH}\"\n      if [ $? != 0 ]; then\n      echo \"Failed to apply clang patch\" >/dev/stderr\n      exit 1\n      fi\n      popd >/dev/null\n    fi\nfi\n\n# Initialize the build log\necho -n \"\" > \"${LOG}\"\necho \"Clang build log available at ${LOG}\"\n\n# Configure the compiler\n$ENV_CLEAN \"${CMAKE_PATH}\" -DCMAKE_BUILD_TYPE=Release -DLLVM_ENABLE_LIBCXX=1 -DLIBCLANG_BUILD_STATIC=1 -DCMAKE_OSX_DEPLOYMENT_TARGET=${MACOSX_DEPLOYMENT_TARGET} -DCMAKE_INSTALL_PREFIX=\"${LLVM_INSTALL_DIR}\" \"${LLVM_SRC_DIR}\" >\"${LOG}\" 2>&1\nif [ $? != 0 ]; then\necho \"A configure error occured. See the build log for more details\" >/dev/stderr\nexit 1\nfi\n\n# Run the build\n$ENV_CLEAN \"make\" -j `sysctl -n hw.ncpu` >>\"${LOG}\" 2>&1\nif [ $? != 0 ]; then\necho \"Failed to build clang. See the build log for more details\" >/dev/stderr\nexit 1\nfi\n\n# Install the build\n$ENV_CLEAN \"make\" install >>\"${LOG}\" 2>&1\nif [ $? != 0 ]; then\necho \"Failed to build clang. See the build log for more details\" >/dev/stderr\nexit 1\nfi\n\npopd >/dev/null\n\ntouch \"${BUILT_PRODUCTS_DIR}/${PRODUCT_NAME}/build.stamp\"";
		};
/* End PBXShellScriptBuildPhase section */

/* Begin PBXSourcesBuildPhase section */
		05BE063A16B43ECE00DF46D5 /* Sources */ = {
			isa = PBXSourcesBuildPhase;
			buildActionMask = 2147483647;
			files = (
				05BE065116B43ECE00DF46D5 /* ObjectDoc.mm in Sources */,
				FCE451D5799804E72BFF018E /* PLClangSourceIndex.m in Sources */,
				C9594E7F17BFBC9A00CD7816 /* PLClangCursor.m in Sources */,
				FCE45D20C14785B61BEA641E /* PLClangTranslationUnit.m in Sources */,
				C9A9220717C3A7180052CB64 /* PLClangAvailability.m in Sources */,
				FCE456467CC2F46BDC9B91CD /* PLClangDiagnostic.m in Sources */,
				FCE4572D619041786BE82039 /* PLSourceLocation.m in Sources */,
				C930081717C5C31C00FA8AB7 /* PLClangComment.m in Sources */,
				FCE45915D137A2651FF67D64 /* PLClangSourceLocation.m in Sources */,
				C9A9221617C3A9DA0052CB64 /* PLClangVersion.m in Sources */,
				C9594E7B17BF104F00CD7816 /* PLClangUnsavedFile.m in Sources */,
				C95EA26917C9032C0038F8E4 /* PLClangToken.m in Sources */,
				C9594E7717BF06F100CD7816 /* PLClang.m in Sources */,
				C95EA27017C9036C0038F8E4 /* PLClangTokenSet.m in Sources */,
				C9F243BF17C08E75005E01BF /* PLClangNSString.m in Sources */,
				C9A921FD17C313510052CB64 /* PLClangType.m in Sources */,
				C95EA27617C9AA2F0038F8E4 /* PLClangSourceRange.m in Sources */,
				C9A9220B17C3A7290052CB64 /* PLClangPlatformAvailability.m in Sources */,
			);
			runOnlyForDeploymentPostprocessing = 0;
		};
		05BE065216B43ECF00DF46D5 /* Sources */ = {
			isa = PBXSourcesBuildPhase;
			buildActionMask = 2147483647;
			files = (
				C930081B17C5C35300FA8AB7 /* PLClangCommentTests.m in Sources */,
				C9F243C117C11090005E01BF /* PLClangCursorTests.m in Sources */,
				C9F243C617C1119E005E01BF /* PLClangTestCase.m in Sources */,
				C95EA27A17C9B7B30038F8E4 /* PLClangSourceLocationTests.m in Sources */,
				C95EA27217C903780038F8E4 /* PLClangTokenTests.m in Sources */,
				FCE4537F110EF2EFC316238D /* PLClangSourceIndexTests.m in Sources */,
				FCE4594BDFF1B22B945C8BF8 /* PLClangTranslationUnitTests.m in Sources */,
				C9A9221017C3A7FD0052CB64 /* PLClangAvailabilityTests.m in Sources */,
				C95EA27C17C9C4CB0038F8E4 /* PLClangSourceRangeTests.m in Sources */,
				C9A9220217C31E230052CB64 /* PLClangTypeTests.m in Sources */,
			);
			runOnlyForDeploymentPostprocessing = 0;
		};
		05BE067316B4422C00DF46D5 /* Sources */ = {
			isa = PBXSourcesBuildPhase;
			buildActionMask = 2147483647;
			files = (
				C9E8B30217D9279500D7526D /* DocTool.m in Sources */,
				C9E8B1DD17D8C33200D7526D /* DTConfiguration.m in Sources */,
				C9E8B30D17D978D200D7526D /* DTDoxygenCommands.m in Sources */,
				C9E8B30617D930C600D7526D /* DTHTMLGenerator.m in Sources */,
				C9E8B1E917D8E76200D7526D /* DTLibrary.m in Sources */,
				C9E8B1E317D8D04400D7526D /* DTNode.m in Sources */,
				C9E8B1E617D8D14300D7526D /* DTApplication.m in Sources */,
				05BE067D16B4422C00DF46D5 /* main.m in Sources */,
				C9E8B30917D930D000D7526D /* DTDocSetGenerator.m in Sources */,
				C9E8B1E017D8CCE100D7526D /* DTSourceParser.m in Sources */,
				C9E8B1ED17D9208900D7526D /* DTTask.m in Sources */,
			);
			runOnlyForDeploymentPostprocessing = 0;
		};
/* End PBXSourcesBuildPhase section */

/* Begin PBXTargetDependency section */
		05A2158319008E430050A058 /* PBXTargetDependency */ = {
			isa = PBXTargetDependency;
			target = 05A2157719008A910050A058 /* clang */;
			targetProxy = 05A2158219008E430050A058 /* PBXContainerItemProxy */;
		};
		05BE065C16B43ECF00DF46D5 /* PBXTargetDependency */ = {
			isa = PBXTargetDependency;
			target = 05BE063E16B43ECE00DF46D5 /* ObjectDoc */;
			targetProxy = 05BE065B16B43ECF00DF46D5 /* PBXContainerItemProxy */;
		};
		05BE068616B4424500DF46D5 /* PBXTargetDependency */ = {
			isa = PBXTargetDependency;
			target = 05BE063E16B43ECE00DF46D5 /* ObjectDoc */;
			targetProxy = 05BE068516B4424500DF46D5 /* PBXContainerItemProxy */;
		};
/* End PBXTargetDependency section */

/* Begin PBXVariantGroup section */
		05BE064B16B43ECE00DF46D5 /* InfoPlist.strings */ = {
			isa = PBXVariantGroup;
			children = (
				05BE064C16B43ECE00DF46D5 /* en */,
			);
			name = InfoPlist.strings;
			sourceTree = "<group>";
		};
		05BE066116B43ECF00DF46D5 /* InfoPlist.strings */ = {
			isa = PBXVariantGroup;
			children = (
				05BE066216B43ECF00DF46D5 /* en */,
			);
			name = InfoPlist.strings;
			sourceTree = "<group>";
		};
/* End PBXVariantGroup section */

/* Begin XCBuildConfiguration section */
		05A2157919008A910050A058 /* Debug */ = {
			isa = XCBuildConfiguration;
			buildSettings = {
				PRODUCT_NAME = "$(TARGET_NAME)";
			};
			name = Debug;
		};
		05A2157A19008A910050A058 /* Release */ = {
			isa = XCBuildConfiguration;
			buildSettings = {
				PRODUCT_NAME = "$(TARGET_NAME)";
			};
			name = Release;
		};
		05BE066716B43ECF00DF46D5 /* Debug */ = {
			isa = XCBuildConfiguration;
			buildSettings = {
				ALWAYS_SEARCH_USER_PATHS = NO;
				ARCHS = "$(ARCHS_STANDARD_64_BIT)";
				CLANG_CONFIG_LDFLAGS = "$(LLVM_INSTALL_DIR)/lib/libclang.a -lclangARCMigrate -lclangAST -lclangASTMatchers -lclangAnalysis -lclangBasic -lclangCodeGen -lclangDriver -lclangEdit -lclangFormat -lclangFrontend -lclangFrontendTool -lclangIndex -lclangLex -lclangParse -lclangRewrite -lclangRewriteFrontend -lclangSema -lclangSerialization -lclangStaticAnalyzerCheckers -lclangStaticAnalyzerCore -lclangStaticAnalyzerFrontend -lclangTooling -lclangToolingCore";
				CLANG_CXX_LANGUAGE_STANDARD = "c++0x";
				CLANG_CXX_LIBRARY = "libc++";
				CLANG_ENABLE_MODULES = YES;
				CLANG_ENABLE_OBJC_ARC = YES;
				CLANG_PATCH = "$(SRCROOT)/Dependencies/LLVM/clang.patch";
				CLANG_SRC = "$(SRCROOT)/Dependencies/LLVM/cfe-4.0.0.src.tar.xz";
				CLANG_WARN_DOCUMENTATION_COMMENTS = YES;
				CLANG_WARN_EMPTY_BODY = YES;
				CLANG_WARN_IMPLICIT_SIGN_CONVERSION = YES;
				CLANG_WARN__DUPLICATE_METHOD_MATCH = YES;
				COPY_PHASE_STRIP = NO;
				GCC_C_LANGUAGE_STANDARD = gnu99;
				GCC_DYNAMIC_NO_PIC = NO;
				GCC_ENABLE_CPP_RTTI = NO;
				GCC_ENABLE_OBJC_EXCEPTIONS = YES;
				GCC_OPTIMIZATION_LEVEL = 0;
				GCC_PREPROCESSOR_DEFINITIONS = (
					"DEBUG=1",
					"$(inherited)",
				);
				GCC_SYMBOLS_PRIVATE_EXTERN = NO;
				GCC_WARN_64_TO_32_BIT_CONVERSION = YES;
				GCC_WARN_ABOUT_RETURN_TYPE = YES;
				GCC_WARN_SHADOW = YES;
				GCC_WARN_SIGN_COMPARE = YES;
				GCC_WARN_UNUSED_VARIABLE = YES;
				HEADER_SEARCH_PATHS = (
					"$(inherited)",
					"$(LLVM_INSTALL_DIR)/include",
				);
				LIBRARY_SEARCH_PATHS = (
					"$(inherited)",
					"$(LLVM_INSTALL_DIR)/lib",
				);
				LLVM_CONFIG_CFLAGS = "-D__STDC_CONSTANT_MACROS -D__STDC_FORMAT_MACROS -D__STDC_LIMIT_MACROS -Wno-shorten-64-to-32";
				LLVM_CONFIG_LDFLAGS = "-lLLVMAsmParser -lLLVMInstrumentation -lLLVMBitReader -lLLVMLinker -lLLVMOption -lLLVMipo -lLLVMVectorize -lLLVMBitWriter -lLLVMTableGen -lLLVMXCoreDisassembler -lLLVMXCoreCodeGen -lLLVMXCoreDesc -lLLVMXCoreInfo -lLLVMXCoreAsmPrinter -lLLVMX86Disassembler -lLLVMX86AsmParser -lLLVMX86CodeGen -lLLVMX86Desc -lLLVMX86Info -lLLVMX86AsmPrinter -lLLVMX86Utils -lLLVMSparcCodeGen -lLLVMSparcDesc -lLLVMSparcInfo -lLLVMSparcAsmParser -lLLVMSparcAsmPrinter -lLLVMPowerPCCodeGen -lLLVMPowerPCDesc -lLLVMPowerPCInfo -lLLVMPowerPCAsmParser -lLLVMPowerPCAsmPrinter -lLLVMNVPTXCodeGen -lLLVMNVPTXDesc -lLLVMNVPTXInfo -lLLVMNVPTXAsmPrinter -lLLVMMSP430CodeGen -lLLVMMSP430Desc -lLLVMMSP430Info -lLLVMMSP430AsmPrinter -lLLVMMipsDisassembler -lLLVMMipsCodeGen -lLLVMMipsAsmParser -lLLVMMipsDesc -lLLVMMipsInfo -lLLVMMipsAsmPrinter -lLLVMHexagonCodeGen -lLLVMHexagonDesc -lLLVMHexagonInfo -lLLVMARMDisassembler -lLLVMARMCodeGen -lLLVMSelectionDAG -lLLVMAsmPrinter -lLLVMAArch64AsmParser -lLLVMAArch64AsmPrinter -lLLVMAArch64CodeGen -lLLVMAArch64Info -lLLVMAArch64Desc -lLLVMAArch64Utils -lLLVMAMDGPUAsmParser -lLLVMAMDGPUCodeGen -lLLVMAMDGPUInfo -lLLVMAMDGPUDesc -lLLVMAMDGPUAsmPrinter -lLLVMAMDGPUUtils -lLLVMARMAsmParser -lLLVMARMDesc -lLLVMARMInfo -lLLVMARMAsmPrinter -lLLVMSystemZAsmParser -lLLVMSystemZCodeGen -lLLVMSystemZInfo -lLLVMSystemZDesc -lLLVMSystemZAsmPrinter -lLLVMBPFCodeGen -lLLVMBPFInfo -lLLVMBPFDesc -lLLVMBPFAsmPrinter -lLLVMMCDisassembler -lLLVMMCParser -lLLVMInterpreter -lLLVMMCJIT -lLLVMCodeGen -lLLVMScalarOpts -lLLVMInstCombine -lLLVMTransformUtils -lLLVMAnalysis -lLLVMRuntimeDyld -lLLVMExecutionEngine -lLLVMTarget -lLLVMMC -lLLVMObject -lLLVMCore -lLLVMSupport -lLLVMHexagonAsmParser -lLLVMHexagonDisassembler -lLLVMLanaiAsmParser -lLLVMLanaiCodeGen -lLLVMLanaiDesc -lLLVMLanaiInfo -lLLVMLanaiInstPrinter -lLLVMDebugInfoCodeView -lLLVMDebugInfoMSF -lLLVMGlobalISel -lLLVMProfileData -lLLVMRISCVCodeGen -lLLVMRISCVDesc -lLLVMRISCVInfo -lLLVMDemangle -ltermcap -lz";
				LLVM_INSTALL_DIR = "${SYMROOT}/clang-install";
				LLVM_SRC = "$(SRCROOT)/Dependencies/LLVM/llvm-4.0.0.src.tar.xz";
				LLVM_VERSION = 4.0.0;
				MACOSX_DEPLOYMENT_TARGET = 10.8;
				ONLY_ACTIVE_ARCH = YES;
				SDKROOT = macosx;
				WARNING_CFLAGS = (
					"-Wall",
					"-Werror",
					"-Wextra",
					"-Wno-unused-parameter",
				);
			};
			name = Debug;
		};
		05BE066816B43ECF00DF46D5 /* Release */ = {
			isa = XCBuildConfiguration;
			buildSettings = {
				ALWAYS_SEARCH_USER_PATHS = NO;
				ARCHS = "$(ARCHS_STANDARD_64_BIT)";
				CLANG_CONFIG_LDFLAGS = "$(LLVM_INSTALL_DIR)/lib/libclang.a -lclangARCMigrate -lclangAST -lclangASTMatchers -lclangAnalysis -lclangBasic -lclangCodeGen -lclangDriver -lclangEdit -lclangFormat -lclangFrontend -lclangFrontendTool -lclangIndex -lclangLex -lclangParse -lclangRewrite -lclangRewriteFrontend -lclangSema -lclangSerialization -lclangStaticAnalyzerCheckers -lclangStaticAnalyzerCore -lclangStaticAnalyzerFrontend -lclangTooling -lclangToolingCore";
				CLANG_CXX_LANGUAGE_STANDARD = "c++0x";
				CLANG_CXX_LIBRARY = "libc++";
				CLANG_ENABLE_MODULES = YES;
				CLANG_ENABLE_OBJC_ARC = YES;
				CLANG_PATCH = "$(SRCROOT)/Dependencies/LLVM/clang.patch";
				CLANG_SRC = "$(SRCROOT)/Dependencies/LLVM/cfe-4.0.0.src.tar.xz";
				CLANG_WARN_DOCUMENTATION_COMMENTS = YES;
				CLANG_WARN_EMPTY_BODY = YES;
				CLANG_WARN_IMPLICIT_SIGN_CONVERSION = YES;
				CLANG_WARN__DUPLICATE_METHOD_MATCH = YES;
				COPY_PHASE_STRIP = YES;
				DEBUG_INFORMATION_FORMAT = "dwarf-with-dsym";
				GCC_C_LANGUAGE_STANDARD = gnu99;
				GCC_ENABLE_CPP_RTTI = NO;
				GCC_ENABLE_OBJC_EXCEPTIONS = YES;
				GCC_WARN_64_TO_32_BIT_CONVERSION = YES;
				GCC_WARN_ABOUT_RETURN_TYPE = YES;
				GCC_WARN_SHADOW = YES;
				GCC_WARN_SIGN_COMPARE = YES;
				GCC_WARN_UNUSED_VARIABLE = YES;
				HEADER_SEARCH_PATHS = (
					"$(inherited)",
					"$(LLVM_INSTALL_DIR)/include",
				);
				LIBRARY_SEARCH_PATHS = (
					"$(inherited)",
					"$(LLVM_INSTALL_DIR)/lib",
				);
				LLVM_CONFIG_CFLAGS = "-D__STDC_CONSTANT_MACROS -D__STDC_FORMAT_MACROS -D__STDC_LIMIT_MACROS -Wno-shorten-64-to-32";
				LLVM_CONFIG_LDFLAGS = "-lLLVMAsmParser -lLLVMInstrumentation -lLLVMBitReader -lLLVMLinker -lLLVMOption -lLLVMipo -lLLVMVectorize -lLLVMBitWriter -lLLVMTableGen -lLLVMXCoreDisassembler -lLLVMXCoreCodeGen -lLLVMXCoreDesc -lLLVMXCoreInfo -lLLVMXCoreAsmPrinter -lLLVMX86Disassembler -lLLVMX86AsmParser -lLLVMX86CodeGen -lLLVMX86Desc -lLLVMX86Info -lLLVMX86AsmPrinter -lLLVMX86Utils -lLLVMSparcCodeGen -lLLVMSparcDesc -lLLVMSparcInfo -lLLVMSparcAsmParser -lLLVMSparcAsmPrinter -lLLVMPowerPCCodeGen -lLLVMPowerPCDesc -lLLVMPowerPCInfo -lLLVMPowerPCAsmParser -lLLVMPowerPCAsmPrinter -lLLVMNVPTXCodeGen -lLLVMNVPTXDesc -lLLVMNVPTXInfo -lLLVMNVPTXAsmPrinter -lLLVMMSP430CodeGen -lLLVMMSP430Desc -lLLVMMSP430Info -lLLVMMSP430AsmPrinter -lLLVMMipsDisassembler -lLLVMMipsCodeGen -lLLVMMipsAsmParser -lLLVMMipsDesc -lLLVMMipsInfo -lLLVMMipsAsmPrinter -lLLVMHexagonCodeGen -lLLVMHexagonDesc -lLLVMHexagonInfo -lLLVMARMDisassembler -lLLVMARMCodeGen -lLLVMSelectionDAG -lLLVMAsmPrinter -lLLVMAArch64AsmParser -lLLVMAArch64AsmPrinter -lLLVMAArch64CodeGen -lLLVMAArch64Info -lLLVMAArch64Desc -lLLVMAArch64Utils -lLLVMAMDGPUAsmParser -lLLVMAMDGPUCodeGen -lLLVMAMDGPUInfo -lLLVMAMDGPUDesc -lLLVMAMDGPUAsmPrinter -lLLVMAMDGPUUtils -lLLVMARMAsmParser -lLLVMARMDesc -lLLVMARMInfo -lLLVMARMAsmPrinter -lLLVMSystemZAsmParser -lLLVMSystemZCodeGen -lLLVMSystemZInfo -lLLVMSystemZDesc -lLLVMSystemZAsmPrinter -lLLVMBPFCodeGen -lLLVMBPFInfo -lLLVMBPFDesc -lLLVMBPFAsmPrinter -lLLVMMCDisassembler -lLLVMMCParser -lLLVMInterpreter -lLLVMMCJIT -lLLVMCodeGen -lLLVMScalarOpts -lLLVMInstCombine -lLLVMTransformUtils -lLLVMAnalysis -lLLVMRuntimeDyld -lLLVMExecutionEngine -lLLVMTarget -lLLVMMC -lLLVMObject -lLLVMCore -lLLVMSupport -lLLVMHexagonAsmParser -lLLVMHexagonDisassembler -lLLVMLanaiAsmParser -lLLVMLanaiCodeGen -lLLVMLanaiDesc -lLLVMLanaiInfo -lLLVMLanaiInstPrinter -lLLVMDebugInfoCodeView -lLLVMDebugInfoMSF -lLLVMGlobalISel -lLLVMProfileData -lLLVMRISCVCodeGen -lLLVMRISCVDesc -lLLVMRISCVInfo -lLLVMDemangle -ltermcap -lz";
				LLVM_INSTALL_DIR = "${SYMROOT}/clang-install";
				LLVM_SRC = "$(SRCROOT)/Dependencies/LLVM/llvm-4.0.0.src.tar.xz";
				LLVM_VERSION = 4.0.0;
				MACOSX_DEPLOYMENT_TARGET = 10.8;
				SDKROOT = macosx;
				WARNING_CFLAGS = (
					"-Wall",
					"-Werror",
					"-Wextra",
					"-Wno-unused-parameter",
				);
			};
			name = Release;
		};
		05BE066A16B43ECF00DF46D5 /* Debug */ = {
			isa = XCBuildConfiguration;
			buildSettings = {
				COMBINE_HIDPI_IMAGES = YES;
				DYLIB_COMPATIBILITY_VERSION = 1;
				DYLIB_CURRENT_VERSION = 1;
				FRAMEWORK_VERSION = A;
				INFOPLIST_FILE = "objectdoc/objectdoc-Info.plist";
				INSTALL_PATH = "@rpath";
				LD_RUNPATH_SEARCH_PATHS = "$(LLVM_INSTALL_DIR)/lib";
				OTHER_CFLAGS = (
					"$(inherited)",
					"$(LLVM_CONFIG_CFLAGS)",
				);
				OTHER_LDFLAGS = (
					"$(inherited)",
					"$(CLANG_CONFIG_LDFLAGS)",
					"$(LLVM_CONFIG_LDFLAGS)",
				);
				PRODUCT_NAME = "$(TARGET_NAME)";
				WRAPPER_EXTENSION = framework;
			};
			name = Debug;
		};
		05BE066B16B43ECF00DF46D5 /* Release */ = {
			isa = XCBuildConfiguration;
			buildSettings = {
				COMBINE_HIDPI_IMAGES = YES;
				DYLIB_COMPATIBILITY_VERSION = 1;
				DYLIB_CURRENT_VERSION = 1;
				FRAMEWORK_VERSION = A;
				INFOPLIST_FILE = "objectdoc/objectdoc-Info.plist";
				INSTALL_PATH = "@rpath";
				LD_RUNPATH_SEARCH_PATHS = "$(LLVM_INSTALL_DIR)/lib";
				OTHER_CFLAGS = (
					"$(inherited)",
					"$(LLVM_CONFIG_CFLAGS)",
				);
				OTHER_LDFLAGS = (
					"$(inherited)",
					"$(CLANG_CONFIG_LDFLAGS)",
					"$(LLVM_CONFIG_LDFLAGS)",
				);
				PRODUCT_NAME = "$(TARGET_NAME)";
				WRAPPER_EXTENSION = framework;
			};
			name = Release;
		};
		05BE066D16B43ECF00DF46D5 /* Debug */ = {
			isa = XCBuildConfiguration;
			buildSettings = {
				COMBINE_HIDPI_IMAGES = YES;
				FRAMEWORK_SEARCH_PATHS = "\"$(DEVELOPER_LIBRARY_DIR)/Frameworks\"";
				INFOPLIST_FILE = "objectdocTests/objectdocTests-Info.plist";
				OTHER_CFLAGS = (
					"$(inherited)",
					"-DSDKROOT=\"$(SDKROOT)\"",
					"$(LLVM_CONFIG_CFLAGS)",
				);
				PRODUCT_NAME = "$(TARGET_NAME)";
			};
			name = Debug;
		};
		05BE066E16B43ECF00DF46D5 /* Release */ = {
			isa = XCBuildConfiguration;
			buildSettings = {
				COMBINE_HIDPI_IMAGES = YES;
				FRAMEWORK_SEARCH_PATHS = "\"$(DEVELOPER_LIBRARY_DIR)/Frameworks\"";
				INFOPLIST_FILE = "objectdocTests/objectdocTests-Info.plist";
				OTHER_CFLAGS = (
					"$(inherited)",
					"-DSDKROOT=\"$(SDKROOT)\"",
					"$(LLVM_CONFIG_CFLAGS)",
				);
				PRODUCT_NAME = "$(TARGET_NAME)";
			};
			name = Release;
		};
		05BE068316B4422C00DF46D5 /* Debug */ = {
			isa = XCBuildConfiguration;
			buildSettings = {
				GCC_PRECOMPILE_PREFIX_HEADER = YES;
				LD_RUNPATH_SEARCH_PATHS = "@loader_path/";
				LIBRARY_SEARCH_PATHS = (
					"$(inherited)",
					"$(SRCROOT)/Dependencies/GRMustache/lib",
				);
				OTHER_LDFLAGS = (
					"-sectcreate",
					__TEXT,
					__info_plist,
					"doctool/doctool-Info.plist",
				);
				PRODUCT_NAME = "$(TARGET_NAME)";
			};
			name = Debug;
		};
		05BE068416B4422C00DF46D5 /* Release */ = {
			isa = XCBuildConfiguration;
			buildSettings = {
				GCC_PRECOMPILE_PREFIX_HEADER = YES;
				LD_RUNPATH_SEARCH_PATHS = "@loader_path/";
				LIBRARY_SEARCH_PATHS = (
					"$(inherited)",
					"$(SRCROOT)/Dependencies/GRMustache/lib",
				);
				OTHER_LDFLAGS = (
					"-sectcreate",
					__TEXT,
					__info_plist,
					"doctool/doctool-Info.plist",
				);
				PRODUCT_NAME = "$(TARGET_NAME)";
			};
			name = Release;
		};
/* End XCBuildConfiguration section */

/* Begin XCConfigurationList section */
		05A2157819008A910050A058 /* Build configuration list for PBXAggregateTarget "clang" */ = {
			isa = XCConfigurationList;
			buildConfigurations = (
				05A2157919008A910050A058 /* Debug */,
				05A2157A19008A910050A058 /* Release */,
			);
			defaultConfigurationIsVisible = 0;
			defaultConfigurationName = Release;
		};
		05BE063816B43ECE00DF46D5 /* Build configuration list for PBXProject "ObjectDoc" */ = {
			isa = XCConfigurationList;
			buildConfigurations = (
				05BE066716B43ECF00DF46D5 /* Debug */,
				05BE066816B43ECF00DF46D5 /* Release */,
			);
			defaultConfigurationIsVisible = 0;
			defaultConfigurationName = Release;
		};
		05BE066916B43ECF00DF46D5 /* Build configuration list for PBXNativeTarget "ObjectDoc" */ = {
			isa = XCConfigurationList;
			buildConfigurations = (
				05BE066A16B43ECF00DF46D5 /* Debug */,
				05BE066B16B43ECF00DF46D5 /* Release */,
			);
			defaultConfigurationIsVisible = 0;
			defaultConfigurationName = Release;
		};
		05BE066C16B43ECF00DF46D5 /* Build configuration list for PBXNativeTarget "ObjectDocTests" */ = {
			isa = XCConfigurationList;
			buildConfigurations = (
				05BE066D16B43ECF00DF46D5 /* Debug */,
				05BE066E16B43ECF00DF46D5 /* Release */,
			);
			defaultConfigurationIsVisible = 0;
			defaultConfigurationName = Release;
		};
		05BE068216B4422C00DF46D5 /* Build configuration list for PBXNativeTarget "doctool" */ = {
			isa = XCConfigurationList;
			buildConfigurations = (
				05BE068316B4422C00DF46D5 /* Debug */,
				05BE068416B4422C00DF46D5 /* Release */,
			);
			defaultConfigurationIsVisible = 0;
			defaultConfigurationName = Release;
		};
/* End XCConfigurationList section */
	};
	rootObject = 05BE063516B43ECE00DF46D5 /* Project object */;
}
