// !$*UTF8*$!
{
	archiveVersion = 1;
	classes = {
	};
	objectVersion = 46;
	objects = {

/* Begin PBXBuildFile section */
		05BE064D16B43ECE00DF46D5 /* InfoPlist.strings in Resources */ = {isa = PBXBuildFile; fileRef = 05BE064B16B43ECE00DF46D5 /* InfoPlist.strings */; };
		05BE065116B43ECE00DF46D5 /* ObjectDoc.mm in Sources */ = {isa = PBXBuildFile; fileRef = 05BE065016B43ECE00DF46D5 /* ObjectDoc.mm */; };
		05BE065916B43ECF00DF46D5 /* SenTestingKit.framework in Frameworks */ = {isa = PBXBuildFile; fileRef = 05BE065816B43ECF00DF46D5 /* SenTestingKit.framework */; };
		05BE065A16B43ECF00DF46D5 /* Cocoa.framework in Frameworks */ = {isa = PBXBuildFile; fileRef = 05BE064216B43ECE00DF46D5 /* Cocoa.framework */; };
		05BE065D16B43ECF00DF46D5 /* ObjectDoc.framework in Frameworks */ = {isa = PBXBuildFile; fileRef = 05BE063F16B43ECE00DF46D5 /* ObjectDoc.framework */; };
		05BE066316B43ECF00DF46D5 /* InfoPlist.strings in Resources */ = {isa = PBXBuildFile; fileRef = 05BE066116B43ECF00DF46D5 /* InfoPlist.strings */; };
		05BE067A16B4422C00DF46D5 /* Foundation.framework in Frameworks */ = {isa = PBXBuildFile; fileRef = 05BE067916B4422C00DF46D5 /* Foundation.framework */; };
		05BE067D16B4422C00DF46D5 /* main.m in Sources */ = {isa = PBXBuildFile; fileRef = 05BE067C16B4422C00DF46D5 /* main.m */; };
		05BE068716B4424900DF46D5 /* ObjectDoc.framework in Frameworks */ = {isa = PBXBuildFile; fileRef = 05BE063F16B43ECE00DF46D5 /* ObjectDoc.framework */; };
		05BE068D16B4474100DF46D5 /* ObjectDoc.h in Headers */ = {isa = PBXBuildFile; fileRef = 05BE064F16B43ECE00DF46D5 /* ObjectDoc.h */; settings = {ATTRIBUTES = (Public, ); }; };
		05BE068E16B4494200DF46D5 /* Foundation.framework in Frameworks */ = {isa = PBXBuildFile; fileRef = 05BE064716B43ECE00DF46D5 /* Foundation.framework */; };
		FCE4508CD72B9C5BAAF6F603 /* PLClangDiagnostic.h in Headers */ = {isa = PBXBuildFile; fileRef = FCE4576CFA89A9EA19B558F9 /* PLClangDiagnostic.h */; };
		FCE4511607B3484B969529F5 /* PLSourceLocation.h in Headers */ = {isa = PBXBuildFile; fileRef = FCE4517E1BB8112F853B6650 /* PLSourceLocation.h */; };
		FCE451D5799804E72BFF018E /* PLClangSourceIndex.m in Sources */ = {isa = PBXBuildFile; fileRef = FCE45E244C142558C5D4C756 /* PLClangSourceIndex.m */; };
		FCE4537F110EF2EFC316238D /* PLClangSourceIndexTests.m in Sources */ = {isa = PBXBuildFile; fileRef = FCE45EBF5B5ECF9D0C09F313 /* PLClangSourceIndexTests.m */; };
		FCE4543E40F4E5713B72D5C9 /* PLAdditions.h in Headers */ = {isa = PBXBuildFile; fileRef = FCE4502439DC9B6948831382 /* PLAdditions.h */; };
		FCE456467CC2F46BDC9B91CD /* PLClangDiagnostic.m in Sources */ = {isa = PBXBuildFile; fileRef = FCE455207D161C04C0735E9F /* PLClangDiagnostic.m */; };
		FCE4572D619041786BE82039 /* PLSourceLocation.m in Sources */ = {isa = PBXBuildFile; fileRef = FCE453694BFE6D746385BDAB /* PLSourceLocation.m */; };
		FCE4575C39A4106D000DF0D4 /* PLClangSourceIndex.h in Headers */ = {isa = PBXBuildFile; fileRef = FCE4500562CD408DEE335EAC /* PLClangSourceIndex.h */; };
		FCE45B63F2F1F5AFFDA3C842 /* PLClangTranslationUnit.h in Headers */ = {isa = PBXBuildFile; fileRef = FCE45B80F05F0110FB4FDD2B /* PLClangTranslationUnit.h */; };
		FCE45D20C14785B61BEA641E /* PLClangTranslationUnit.m in Sources */ = {isa = PBXBuildFile; fileRef = FCE45F1FA9A659F1E1ECF0D4 /* PLClangTranslationUnit.m */; };
		FCE45EA2F91E94E0FE73EDCB /* PLClangTranslationUnitPrivate.h in Headers */ = {isa = PBXBuildFile; fileRef = FCE4509877E08051C0B7C274 /* PLClangTranslationUnitPrivate.h */; };
/* End PBXBuildFile section */

/* Begin PBXContainerItemProxy section */
		05BE065B16B43ECF00DF46D5 /* PBXContainerItemProxy */ = {
			isa = PBXContainerItemProxy;
			containerPortal = 05BE063516B43ECE00DF46D5 /* Project object */;
			proxyType = 1;
			remoteGlobalIDString = 05BE063E16B43ECE00DF46D5;
			remoteInfo = objectdoc;
		};
		05BE068516B4424500DF46D5 /* PBXContainerItemProxy */ = {
			isa = PBXContainerItemProxy;
			containerPortal = 05BE063516B43ECE00DF46D5 /* Project object */;
			proxyType = 1;
			remoteGlobalIDString = 05BE063E16B43ECE00DF46D5;
			remoteInfo = objectdoc;
		};
/* End PBXContainerItemProxy section */

/* Begin PBXCopyFilesBuildPhase section */
		05BE067516B4422C00DF46D5 /* CopyFiles */ = {
			isa = PBXCopyFilesBuildPhase;
			buildActionMask = 2147483647;
			dstPath = /usr/share/man/man1/;
			dstSubfolderSpec = 0;
			files = (
			);
			runOnlyForDeploymentPostprocessing = 1;
		};
/* End PBXCopyFilesBuildPhase section */

/* Begin PBXFileReference section */
		05BE063F16B43ECE00DF46D5 /* ObjectDoc.framework */ = {isa = PBXFileReference; explicitFileType = wrapper.framework; includeInIndex = 0; path = ObjectDoc.framework; sourceTree = BUILT_PRODUCTS_DIR; };
		05BE064216B43ECE00DF46D5 /* Cocoa.framework */ = {isa = PBXFileReference; lastKnownFileType = wrapper.framework; name = Cocoa.framework; path = System/Library/Frameworks/Cocoa.framework; sourceTree = SDKROOT; };
		05BE064516B43ECE00DF46D5 /* AppKit.framework */ = {isa = PBXFileReference; lastKnownFileType = wrapper.framework; name = AppKit.framework; path = System/Library/Frameworks/AppKit.framework; sourceTree = SDKROOT; };
		05BE064616B43ECE00DF46D5 /* CoreData.framework */ = {isa = PBXFileReference; lastKnownFileType = wrapper.framework; name = CoreData.framework; path = System/Library/Frameworks/CoreData.framework; sourceTree = SDKROOT; };
		05BE064716B43ECE00DF46D5 /* Foundation.framework */ = {isa = PBXFileReference; lastKnownFileType = wrapper.framework; name = Foundation.framework; path = System/Library/Frameworks/Foundation.framework; sourceTree = SDKROOT; };
		05BE064A16B43ECE00DF46D5 /* objectdoc-Info.plist */ = {isa = PBXFileReference; lastKnownFileType = text.plist.xml; path = "objectdoc-Info.plist"; sourceTree = "<group>"; };
		05BE064C16B43ECE00DF46D5 /* en */ = {isa = PBXFileReference; lastKnownFileType = text.plist.strings; name = en; path = en.lproj/InfoPlist.strings; sourceTree = "<group>"; };
		05BE064F16B43ECE00DF46D5 /* ObjectDoc.h */ = {isa = PBXFileReference; lastKnownFileType = sourcecode.c.h; path = ObjectDoc.h; sourceTree = "<group>"; };
		05BE065016B43ECE00DF46D5 /* ObjectDoc.mm */ = {isa = PBXFileReference; lastKnownFileType = sourcecode.cpp.objcpp; path = ObjectDoc.mm; sourceTree = "<group>"; };
		05BE065716B43ECF00DF46D5 /* ObjectDocTests.octest */ = {isa = PBXFileReference; explicitFileType = wrapper.cfbundle; includeInIndex = 0; path = ObjectDocTests.octest; sourceTree = BUILT_PRODUCTS_DIR; };
		05BE065816B43ECF00DF46D5 /* SenTestingKit.framework */ = {isa = PBXFileReference; lastKnownFileType = wrapper.framework; name = SenTestingKit.framework; path = Library/Frameworks/SenTestingKit.framework; sourceTree = DEVELOPER_DIR; };
		05BE066016B43ECF00DF46D5 /* objectdocTests-Info.plist */ = {isa = PBXFileReference; lastKnownFileType = text.plist.xml; path = "objectdocTests-Info.plist"; sourceTree = "<group>"; };
		05BE066216B43ECF00DF46D5 /* en */ = {isa = PBXFileReference; lastKnownFileType = text.plist.strings; name = en; path = en.lproj/InfoPlist.strings; sourceTree = "<group>"; };
		05BE067716B4422C00DF46D5 /* doctool */ = {isa = PBXFileReference; explicitFileType = "compiled.mach-o.executable"; includeInIndex = 0; path = doctool; sourceTree = BUILT_PRODUCTS_DIR; };
		05BE067916B4422C00DF46D5 /* Foundation.framework */ = {isa = PBXFileReference; lastKnownFileType = wrapper.framework; name = Foundation.framework; path = System/Library/Frameworks/Foundation.framework; sourceTree = SDKROOT; };
		05BE067C16B4422C00DF46D5 /* main.m */ = {isa = PBXFileReference; lastKnownFileType = sourcecode.c.objc; path = main.m; sourceTree = "<group>"; };
		FCE4500562CD408DEE335EAC /* PLClangSourceIndex.h */ = {isa = PBXFileReference; fileEncoding = 4; lastKnownFileType = sourcecode.c.h; name = PLClangSourceIndex.h; path = ObjectDoc/PLClangSourceIndex.h; sourceTree = SOURCE_ROOT; };
		FCE4502439DC9B6948831382 /* PLAdditions.h */ = {isa = PBXFileReference; fileEncoding = 4; lastKnownFileType = sourcecode.c.h; path = PLAdditions.h; sourceTree = "<group>"; };
		FCE4509877E08051C0B7C274 /* PLClangTranslationUnitPrivate.h */ = {isa = PBXFileReference; fileEncoding = 4; lastKnownFileType = sourcecode.c.h; name = PLClangTranslationUnitPrivate.h; path = ObjectDoc/PLClangTranslationUnitPrivate.h; sourceTree = SOURCE_ROOT; };
		FCE4517E1BB8112F853B6650 /* PLSourceLocation.h */ = {isa = PBXFileReference; fileEncoding = 4; lastKnownFileType = sourcecode.c.h; path = PLSourceLocation.h; sourceTree = "<group>"; };
		FCE453694BFE6D746385BDAB /* PLSourceLocation.m */ = {isa = PBXFileReference; fileEncoding = 4; lastKnownFileType = sourcecode.c.objc; path = PLSourceLocation.m; sourceTree = "<group>"; };
		FCE455207D161C04C0735E9F /* PLClangDiagnostic.m */ = {isa = PBXFileReference; fileEncoding = 4; lastKnownFileType = sourcecode.c.objc; name = PLClangDiagnostic.m; path = ObjectDoc/PLClangDiagnostic.m; sourceTree = SOURCE_ROOT; };
		FCE4576CFA89A9EA19B558F9 /* PLClangDiagnostic.h */ = {isa = PBXFileReference; fileEncoding = 4; lastKnownFileType = sourcecode.c.h; path = PLClangDiagnostic.h; sourceTree = "<group>"; };
		FCE45B80F05F0110FB4FDD2B /* PLClangTranslationUnit.h */ = {isa = PBXFileReference; fileEncoding = 4; lastKnownFileType = sourcecode.c.h; name = PLClangTranslationUnit.h; path = ObjectDoc/PLClangTranslationUnit.h; sourceTree = SOURCE_ROOT; };
		FCE45E244C142558C5D4C756 /* PLClangSourceIndex.m */ = {isa = PBXFileReference; fileEncoding = 4; lastKnownFileType = sourcecode.c.objc; name = PLClangSourceIndex.m; path = ObjectDoc/PLClangSourceIndex.m; sourceTree = SOURCE_ROOT; };
		FCE45EBF5B5ECF9D0C09F313 /* PLClangSourceIndexTests.m */ = {isa = PBXFileReference; fileEncoding = 4; lastKnownFileType = sourcecode.c.objc; name = PLClangSourceIndexTests.m; path = ObjectDoc/PLClangSourceIndexTests.m; sourceTree = SOURCE_ROOT; };
		FCE45F1FA9A659F1E1ECF0D4 /* PLClangTranslationUnit.m */ = {isa = PBXFileReference; fileEncoding = 4; lastKnownFileType = sourcecode.c.objc; name = PLClangTranslationUnit.m; path = ObjectDoc/PLClangTranslationUnit.m; sourceTree = SOURCE_ROOT; };
/* End PBXFileReference section */

/* Begin PBXFrameworksBuildPhase section */
		05BE063B16B43ECE00DF46D5 /* Frameworks */ = {
			isa = PBXFrameworksBuildPhase;
			buildActionMask = 2147483647;
			files = (
				05BE068E16B4494200DF46D5 /* Foundation.framework in Frameworks */,
			);
			runOnlyForDeploymentPostprocessing = 0;
		};
		05BE065316B43ECF00DF46D5 /* Frameworks */ = {
			isa = PBXFrameworksBuildPhase;
			buildActionMask = 2147483647;
			files = (
				05BE065916B43ECF00DF46D5 /* SenTestingKit.framework in Frameworks */,
				05BE065A16B43ECF00DF46D5 /* Cocoa.framework in Frameworks */,
				05BE065D16B43ECF00DF46D5 /* ObjectDoc.framework in Frameworks */,
			);
			runOnlyForDeploymentPostprocessing = 0;
		};
		05BE067416B4422C00DF46D5 /* Frameworks */ = {
			isa = PBXFrameworksBuildPhase;
			buildActionMask = 2147483647;
			files = (
				05BE067A16B4422C00DF46D5 /* Foundation.framework in Frameworks */,
				05BE068716B4424900DF46D5 /* ObjectDoc.framework in Frameworks */,
			);
			runOnlyForDeploymentPostprocessing = 0;
		};
/* End PBXFrameworksBuildPhase section */

/* Begin PBXGroup section */
		05BE063316B43ECE00DF46D5 = {
			isa = PBXGroup;
			children = (
				05BE064816B43ECE00DF46D5 /* ObjectDoc */,
				05BE065E16B43ECF00DF46D5 /* ObjectDocTests */,
				05BE067B16B4422C00DF46D5 /* doctool */,
				05BE064116B43ECE00DF46D5 /* Frameworks */,
				05BE064016B43ECE00DF46D5 /* Products */,
			);
			sourceTree = "<group>";
		};
		05BE064016B43ECE00DF46D5 /* Products */ = {
			isa = PBXGroup;
			children = (
				05BE063F16B43ECE00DF46D5 /* ObjectDoc.framework */,
				05BE065716B43ECF00DF46D5 /* ObjectDocTests.octest */,
				05BE067716B4422C00DF46D5 /* doctool */,
			);
			name = Products;
			sourceTree = "<group>";
		};
		05BE064116B43ECE00DF46D5 /* Frameworks */ = {
			isa = PBXGroup;
			children = (
				05BE064216B43ECE00DF46D5 /* Cocoa.framework */,
				05BE065816B43ECF00DF46D5 /* SenTestingKit.framework */,
				05BE067916B4422C00DF46D5 /* Foundation.framework */,
				05BE064416B43ECE00DF46D5 /* Other Frameworks */,
			);
			name = Frameworks;
			sourceTree = "<group>";
		};
		05BE064416B43ECE00DF46D5 /* Other Frameworks */ = {
			isa = PBXGroup;
			children = (
				05BE064516B43ECE00DF46D5 /* AppKit.framework */,
				05BE064616B43ECE00DF46D5 /* CoreData.framework */,
				05BE064716B43ECE00DF46D5 /* Foundation.framework */,
			);
			name = "Other Frameworks";
			sourceTree = "<group>";
		};
		05BE064816B43ECE00DF46D5 /* ObjectDoc */ = {
			isa = PBXGroup;
			children = (
				05BE064F16B43ECE00DF46D5 /* ObjectDoc.h */,
				05BE065016B43ECE00DF46D5 /* ObjectDoc.mm */,
				05BE064916B43ECE00DF46D5 /* Supporting Files */,
				FCE45DBA8B77A89587FFFCBD /* Source Tools */,
				FCE4502439DC9B6948831382 /* PLAdditions.h */,
			);
			path = ObjectDoc;
			sourceTree = SOURCE_ROOT;
		};
		05BE064916B43ECE00DF46D5 /* Supporting Files */ = {
			isa = PBXGroup;
			children = (
				05BE064A16B43ECE00DF46D5 /* objectdoc-Info.plist */,
				05BE064B16B43ECE00DF46D5 /* InfoPlist.strings */,
			);
			name = "Supporting Files";
			sourceTree = "<group>";
		};
		05BE065E16B43ECF00DF46D5 /* ObjectDocTests */ = {
			isa = PBXGroup;
			children = (
				05BE065F16B43ECF00DF46D5 /* Supporting Files */,
			);
			name = ObjectDocTests;
			path = objectdocTests;
			sourceTree = "<group>";
		};
		05BE065F16B43ECF00DF46D5 /* Supporting Files */ = {
			isa = PBXGroup;
			children = (
				05BE066016B43ECF00DF46D5 /* objectdocTests-Info.plist */,
				05BE066116B43ECF00DF46D5 /* InfoPlist.strings */,
			);
			name = "Supporting Files";
			sourceTree = "<group>";
		};
		05BE067B16B4422C00DF46D5 /* doctool */ = {
			isa = PBXGroup;
			children = (
				05BE067C16B4422C00DF46D5 /* main.m */,
				05BE067E16B4422C00DF46D5 /* Supporting Files */,
			);
			path = doctool;
			sourceTree = "<group>";
		};
		05BE067E16B4422C00DF46D5 /* Supporting Files */ = {
			isa = PBXGroup;
			children = (
			);
			name = "Supporting Files";
			sourceTree = "<group>";
		};
		FCE45D525275A511EEFA311F /* Clang */ = {
			isa = PBXGroup;
			children = (
				FCE4576CFA89A9EA19B558F9 /* PLClangDiagnostic.h */,
				FCE455207D161C04C0735E9F /* PLClangDiagnostic.m */,
				FCE4500562CD408DEE335EAC /* PLClangSourceIndex.h */,
				FCE45E244C142558C5D4C756 /* PLClangSourceIndex.m */,
				FCE45EBF5B5ECF9D0C09F313 /* PLClangSourceIndexTests.m */,
				FCE45B80F05F0110FB4FDD2B /* PLClangTranslationUnit.h */,
				FCE45F1FA9A659F1E1ECF0D4 /* PLClangTranslationUnit.m */,
				FCE4509877E08051C0B7C274 /* PLClangTranslationUnitPrivate.h */,
			);
			name = Clang;
			sourceTree = "<group>";
		};
		FCE45DBA8B77A89587FFFCBD /* Source Tools */ = {
			isa = PBXGroup;
			children = (
				FCE45D525275A511EEFA311F /* Clang */,
				FCE453694BFE6D746385BDAB /* PLSourceLocation.m */,
				FCE4517E1BB8112F853B6650 /* PLSourceLocation.h */,
			);
			name = "Source Tools";
			sourceTree = "<group>";
		};
/* End PBXGroup section */

/* Begin PBXHeadersBuildPhase section */
		05BE063C16B43ECE00DF46D5 /* Headers */ = {
			isa = PBXHeadersBuildPhase;
			buildActionMask = 2147483647;
			files = (
				05BE068D16B4474100DF46D5 /* ObjectDoc.h in Headers */,
				FCE4575C39A4106D000DF0D4 /* PLClangSourceIndex.h in Headers */,
				FCE45B63F2F1F5AFFDA3C842 /* PLClangTranslationUnit.h in Headers */,
				FCE4543E40F4E5713B72D5C9 /* PLAdditions.h in Headers */,
				FCE45EA2F91E94E0FE73EDCB /* PLClangTranslationUnitPrivate.h in Headers */,
				FCE4508CD72B9C5BAAF6F603 /* PLClangDiagnostic.h in Headers */,
				FCE4511607B3484B969529F5 /* PLSourceLocation.h in Headers */,
			);
			runOnlyForDeploymentPostprocessing = 0;
		};
/* End PBXHeadersBuildPhase section */

/* Begin PBXNativeTarget section */
		05BE063E16B43ECE00DF46D5 /* ObjectDoc */ = {
			isa = PBXNativeTarget;
			buildConfigurationList = 05BE066916B43ECF00DF46D5 /* Build configuration list for PBXNativeTarget "ObjectDoc" */;
			buildPhases = (
				05BE063A16B43ECE00DF46D5 /* Sources */,
				05BE063B16B43ECE00DF46D5 /* Frameworks */,
				05BE063C16B43ECE00DF46D5 /* Headers */,
				05BE063D16B43ECE00DF46D5 /* Resources */,
			);
			buildRules = (
			);
			dependencies = (
			);
			name = ObjectDoc;
			productName = objectdoc;
			productReference = 05BE063F16B43ECE00DF46D5 /* ObjectDoc.framework */;
			productType = "com.apple.product-type.framework";
		};
		05BE065616B43ECF00DF46D5 /* ObjectDocTests */ = {
			isa = PBXNativeTarget;
			buildConfigurationList = 05BE066C16B43ECF00DF46D5 /* Build configuration list for PBXNativeTarget "ObjectDocTests" */;
			buildPhases = (
				05BE065216B43ECF00DF46D5 /* Sources */,
				05BE065316B43ECF00DF46D5 /* Frameworks */,
				05BE065416B43ECF00DF46D5 /* Resources */,
				05BE065516B43ECF00DF46D5 /* ShellScript */,
			);
			buildRules = (
			);
			dependencies = (
				05BE065C16B43ECF00DF46D5 /* PBXTargetDependency */,
			);
			name = ObjectDocTests;
			productName = objectdocTests;
			productReference = 05BE065716B43ECF00DF46D5 /* ObjectDocTests.octest */;
			productType = "com.apple.product-type.bundle";
		};
		05BE067616B4422C00DF46D5 /* doctool */ = {
			isa = PBXNativeTarget;
			buildConfigurationList = 05BE068216B4422C00DF46D5 /* Build configuration list for PBXNativeTarget "doctool" */;
			buildPhases = (
				05BE067316B4422C00DF46D5 /* Sources */,
				05BE067416B4422C00DF46D5 /* Frameworks */,
				05BE067516B4422C00DF46D5 /* CopyFiles */,
			);
			buildRules = (
			);
			dependencies = (
				05BE068616B4424500DF46D5 /* PBXTargetDependency */,
			);
			name = doctool;
			productName = doctool;
			productReference = 05BE067716B4422C00DF46D5 /* doctool */;
			productType = "com.apple.product-type.tool";
		};
/* End PBXNativeTarget section */

/* Begin PBXProject section */
		05BE063516B43ECE00DF46D5 /* Project object */ = {
			isa = PBXProject;
			attributes = {
				LastUpgradeCheck = 0450;
				ORGANIZATIONNAME = "Landon Fuller";
			};
			buildConfigurationList = 05BE063816B43ECE00DF46D5 /* Build configuration list for PBXProject "ObjectDoc" */;
			compatibilityVersion = "Xcode 3.2";
			developmentRegion = English;
			hasScannedForEncodings = 0;
			knownRegions = (
				en,
			);
			mainGroup = 05BE063316B43ECE00DF46D5;
			productRefGroup = 05BE064016B43ECE00DF46D5 /* Products */;
			projectDirPath = "";
			projectRoot = "";
			targets = (
				05BE063E16B43ECE00DF46D5 /* ObjectDoc */,
				05BE065616B43ECF00DF46D5 /* ObjectDocTests */,
				05BE067616B4422C00DF46D5 /* doctool */,
			);
		};
/* End PBXProject section */

/* Begin PBXResourcesBuildPhase section */
		05BE063D16B43ECE00DF46D5 /* Resources */ = {
			isa = PBXResourcesBuildPhase;
			buildActionMask = 2147483647;
			files = (
				05BE064D16B43ECE00DF46D5 /* InfoPlist.strings in Resources */,
			);
			runOnlyForDeploymentPostprocessing = 0;
		};
		05BE065416B43ECF00DF46D5 /* Resources */ = {
			isa = PBXResourcesBuildPhase;
			buildActionMask = 2147483647;
			files = (
				05BE066316B43ECF00DF46D5 /* InfoPlist.strings in Resources */,
			);
			runOnlyForDeploymentPostprocessing = 0;
		};
/* End PBXResourcesBuildPhase section */

/* Begin PBXShellScriptBuildPhase section */
		05BE065516B43ECF00DF46D5 /* ShellScript */ = {
			isa = PBXShellScriptBuildPhase;
			buildActionMask = 2147483647;
			files = (
			);
			inputPaths = (
			);
			outputPaths = (
			);
			runOnlyForDeploymentPostprocessing = 0;
			shellPath = /bin/sh;
			shellScript = "# Run the unit tests in this test bundle.\n\"${SYSTEM_DEVELOPER_DIR}/Tools/RunUnitTests\"\n";
		};
/* End PBXShellScriptBuildPhase section */

/* Begin PBXSourcesBuildPhase section */
		05BE063A16B43ECE00DF46D5 /* Sources */ = {
			isa = PBXSourcesBuildPhase;
			buildActionMask = 2147483647;
			files = (
				05BE065116B43ECE00DF46D5 /* ObjectDoc.mm in Sources */,
				FCE451D5799804E72BFF018E /* PLClangSourceIndex.m in Sources */,
				FCE45D20C14785B61BEA641E /* PLClangTranslationUnit.m in Sources */,
				FCE456467CC2F46BDC9B91CD /* PLClangDiagnostic.m in Sources */,
				FCE4572D619041786BE82039 /* PLSourceLocation.m in Sources */,
			);
			runOnlyForDeploymentPostprocessing = 0;
		};
		05BE065216B43ECF00DF46D5 /* Sources */ = {
			isa = PBXSourcesBuildPhase;
			buildActionMask = 2147483647;
			files = (
				FCE4537F110EF2EFC316238D /* PLClangSourceIndexTests.m in Sources */,
			);
			runOnlyForDeploymentPostprocessing = 0;
		};
		05BE067316B4422C00DF46D5 /* Sources */ = {
			isa = PBXSourcesBuildPhase;
			buildActionMask = 2147483647;
			files = (
				05BE067D16B4422C00DF46D5 /* main.m in Sources */,
			);
			runOnlyForDeploymentPostprocessing = 0;
		};
/* End PBXSourcesBuildPhase section */

/* Begin PBXTargetDependency section */
		05BE065C16B43ECF00DF46D5 /* PBXTargetDependency */ = {
			isa = PBXTargetDependency;
			target = 05BE063E16B43ECE00DF46D5 /* ObjectDoc */;
			targetProxy = 05BE065B16B43ECF00DF46D5 /* PBXContainerItemProxy */;
		};
		05BE068616B4424500DF46D5 /* PBXTargetDependency */ = {
			isa = PBXTargetDependency;
			target = 05BE063E16B43ECE00DF46D5 /* ObjectDoc */;
			targetProxy = 05BE068516B4424500DF46D5 /* PBXContainerItemProxy */;
		};
/* End PBXTargetDependency section */

/* Begin PBXVariantGroup section */
		05BE064B16B43ECE00DF46D5 /* InfoPlist.strings */ = {
			isa = PBXVariantGroup;
			children = (
				05BE064C16B43ECE00DF46D5 /* en */,
			);
			name = InfoPlist.strings;
			sourceTree = "<group>";
		};
		05BE066116B43ECF00DF46D5 /* InfoPlist.strings */ = {
			isa = PBXVariantGroup;
			children = (
				05BE066216B43ECF00DF46D5 /* en */,
			);
			name = InfoPlist.strings;
			sourceTree = "<group>";
		};
/* End PBXVariantGroup section */

/* Begin XCBuildConfiguration section */
		05BE066716B43ECF00DF46D5 /* Debug */ = {
			isa = XCBuildConfiguration;
			buildSettings = {
				ALWAYS_SEARCH_USER_PATHS = NO;
				ARCHS = "$(ARCHS_STANDARD_64_BIT)";
				CLANG_CONFIG_LDFLAGS = "$(LLVM_INSTALL_DIR)/lib/libclang.a -lclangARCMigrate -lclangAST -lclangASTMatchers -lclangAnalysis -lclangBasic -lclangCodeGen -lclangDriver -lclangEdit -lclangFormat -lclangFrontend -lclangFrontendTool -lclangLex -lclangParse -lclangRewriteCore -lclangRewriteFrontend -lclangSema -lclangSerialization -lclangStaticAnalyzerCheckers -lclangStaticAnalyzerCore -lclangStaticAnalyzerFrontend -lclangTooling";
				CLANG_CXX_LANGUAGE_STANDARD = "c++0x";
				CLANG_CXX_LIBRARY = "libc++";
				CLANG_ENABLE_OBJC_ARC = YES;
				CLANG_WARN_EMPTY_BODY = YES;
				CLANG_WARN_IMPLICIT_SIGN_CONVERSION = YES;
				CLANG_WARN__DUPLICATE_METHOD_MATCH = YES;
				COPY_PHASE_STRIP = NO;
				GCC_C_LANGUAGE_STANDARD = gnu99;
				GCC_DYNAMIC_NO_PIC = NO;
				GCC_ENABLE_CPP_RTTI = NO;
				GCC_ENABLE_OBJC_EXCEPTIONS = YES;
				GCC_OPTIMIZATION_LEVEL = 0;
				GCC_PREPROCESSOR_DEFINITIONS = (
					"DEBUG=1",
					"$(inherited)",
				);
				GCC_SYMBOLS_PRIVATE_EXTERN = NO;
				GCC_WARN_64_TO_32_BIT_CONVERSION = YES;
				GCC_WARN_ABOUT_RETURN_TYPE = YES;
				GCC_WARN_SIGN_COMPARE = YES;
				GCC_WARN_UNUSED_VARIABLE = YES;
				HEADER_SEARCH_PATHS = (
					"$(inherited)",
					"$(LLVM_INSTALL_DIR)/include",
				);
				LIBRARY_SEARCH_PATHS = (
					"$(inherited)",
					"$(LLVM_INSTALL_DIR)/lib",
				);
				LLVM_CONFIG_CFLAGS = "-D__STDC_CONSTANT_MACROS -D__STDC_FORMAT_MACROS -D__STDC_LIMIT_MACROS -Wno-shorten-64-to-32";
				LLVM_CONFIG_LDFLAGS = "-lLLVMAsmParser -lLLVMInstrumentation -lLLVMArchive -lLLVMBitReader -lLLVMLinker -lLLVMDebugInfo -lLLVMOption -lLLVMipo -lLLVMVectorize -lLLVMBitWriter -lLLVMTableGen -lLLVMXCoreDisassembler -lLLVMXCoreCodeGen -lLLVMXCoreDesc -lLLVMXCoreInfo -lLLVMXCoreAsmPrinter -lLLVMX86Disassembler -lLLVMX86AsmParser -lLLVMX86CodeGen -lLLVMX86Desc -lLLVMX86Info -lLLVMX86AsmPrinter -lLLVMX86Utils -lLLVMSparcCodeGen -lLLVMSparcDesc -lLLVMSparcInfo -lLLVMPowerPCCodeGen -lLLVMPowerPCDesc -lLLVMPowerPCInfo -lLLVMPowerPCAsmPrinter -lLLVMNVPTXCodeGen -lLLVMNVPTXDesc -lLLVMNVPTXInfo -lLLVMNVPTXAsmPrinter -lLLVMMSP430CodeGen -lLLVMMSP430Desc -lLLVMMSP430Info -lLLVMMSP430AsmPrinter -lLLVMMBlazeDisassembler -lLLVMMBlazeCodeGen -lLLVMMBlazeDesc -lLLVMMBlazeAsmPrinter -lLLVMMBlazeAsmParser -lLLVMMBlazeInfo -lLLVMMipsDisassembler -lLLVMMipsCodeGen -lLLVMMipsAsmParser -lLLVMMipsDesc -lLLVMMipsInfo -lLLVMMipsAsmPrinter -lLLVMHexagonCodeGen -lLLVMHexagonDesc -lLLVMHexagonInfo -lLLVMHexagonAsmPrinter -lLLVMCppBackendCodeGen -lLLVMCppBackendInfo -lLLVMARMDisassembler -lLLVMARMCodeGen -lLLVMSelectionDAG -lLLVMAsmPrinter -lLLVMARMAsmParser -lLLVMARMDesc -lLLVMARMInfo -lLLVMARMAsmPrinter -lLLVMMCDisassembler -lLLVMMCParser -lLLVMInterpreter -lLLVMMCJIT -lLLVMJIT -lLLVMCodeGen -lLLVMScalarOpts -lLLVMInstCombine -lLLVMTransformUtils -lLLVMipa -lLLVMAnalysis -lLLVMRuntimeDyld -lLLVMExecutionEngine -lLLVMTarget -lLLVMMC -lLLVMObject -lLLVMCore -lLLVMSupport";
				LLVM_INSTALL_DIR = /usr/local/llvm;
				MACOSX_DEPLOYMENT_TARGET = 10.8;
				ONLY_ACTIVE_ARCH = YES;
				SDKROOT = macosx;
				WARNING_CFLAGS = (
					"-Wall",
					"-Werror",
					"-Wno-unused-parameter",
				);
			};
			name = Debug;
		};
		05BE066816B43ECF00DF46D5 /* Release */ = {
			isa = XCBuildConfiguration;
			buildSettings = {
				ALWAYS_SEARCH_USER_PATHS = NO;
				ARCHS = "$(ARCHS_STANDARD_64_BIT)";
				CLANG_CONFIG_LDFLAGS = "$(LLVM_INSTALL_DIR)/lib/libclang.a -lclangARCMigrate -lclangAST -lclangASTMatchers -lclangAnalysis -lclangBasic -lclangCodeGen -lclangDriver -lclangEdit -lclangFormat -lclangFrontend -lclangFrontendTool -lclangLex -lclangParse -lclangRewriteCore -lclangRewriteFrontend -lclangSema -lclangSerialization -lclangStaticAnalyzerCheckers -lclangStaticAnalyzerCore -lclangStaticAnalyzerFrontend -lclangTooling";
				CLANG_CXX_LANGUAGE_STANDARD = "c++0x";
				CLANG_CXX_LIBRARY = "libc++";
				CLANG_ENABLE_OBJC_ARC = YES;
				CLANG_WARN_EMPTY_BODY = YES;
				CLANG_WARN_IMPLICIT_SIGN_CONVERSION = YES;
				CLANG_WARN__DUPLICATE_METHOD_MATCH = YES;
				COPY_PHASE_STRIP = YES;
				DEBUG_INFORMATION_FORMAT = "dwarf-with-dsym";
				GCC_C_LANGUAGE_STANDARD = gnu99;
				GCC_ENABLE_CPP_RTTI = NO;
				GCC_ENABLE_OBJC_EXCEPTIONS = YES;
				GCC_WARN_64_TO_32_BIT_CONVERSION = YES;
				GCC_WARN_ABOUT_RETURN_TYPE = YES;
				GCC_WARN_SIGN_COMPARE = YES;
				GCC_WARN_UNUSED_VARIABLE = YES;
				HEADER_SEARCH_PATHS = (
					"$(inherited)",
					"$(LLVM_INSTALL_DIR)/include",
				);
				LIBRARY_SEARCH_PATHS = (
					"$(inherited)",
					"$(LLVM_INSTALL_DIR)/lib",
				);
				LLVM_CONFIG_CFLAGS = "-D__STDC_CONSTANT_MACROS -D__STDC_FORMAT_MACROS -D__STDC_LIMIT_MACROS -Wno-shorten-64-to-32";
				LLVM_CONFIG_LDFLAGS = "-lLLVMAsmParser -lLLVMInstrumentation -lLLVMArchive -lLLVMBitReader -lLLVMLinker -lLLVMDebugInfo -lLLVMOption -lLLVMipo -lLLVMVectorize -lLLVMBitWriter -lLLVMTableGen -lLLVMXCoreDisassembler -lLLVMXCoreCodeGen -lLLVMXCoreDesc -lLLVMXCoreInfo -lLLVMXCoreAsmPrinter -lLLVMX86Disassembler -lLLVMX86AsmParser -lLLVMX86CodeGen -lLLVMX86Desc -lLLVMX86Info -lLLVMX86AsmPrinter -lLLVMX86Utils -lLLVMSparcCodeGen -lLLVMSparcDesc -lLLVMSparcInfo -lLLVMPowerPCCodeGen -lLLVMPowerPCDesc -lLLVMPowerPCInfo -lLLVMPowerPCAsmPrinter -lLLVMNVPTXCodeGen -lLLVMNVPTXDesc -lLLVMNVPTXInfo -lLLVMNVPTXAsmPrinter -lLLVMMSP430CodeGen -lLLVMMSP430Desc -lLLVMMSP430Info -lLLVMMSP430AsmPrinter -lLLVMMBlazeDisassembler -lLLVMMBlazeCodeGen -lLLVMMBlazeDesc -lLLVMMBlazeAsmPrinter -lLLVMMBlazeAsmParser -lLLVMMBlazeInfo -lLLVMMipsDisassembler -lLLVMMipsCodeGen -lLLVMMipsAsmParser -lLLVMMipsDesc -lLLVMMipsInfo -lLLVMMipsAsmPrinter -lLLVMHexagonCodeGen -lLLVMHexagonDesc -lLLVMHexagonInfo -lLLVMHexagonAsmPrinter -lLLVMCppBackendCodeGen -lLLVMCppBackendInfo -lLLVMARMDisassembler -lLLVMARMCodeGen -lLLVMSelectionDAG -lLLVMAsmPrinter -lLLVMARMAsmParser -lLLVMARMDesc -lLLVMARMInfo -lLLVMARMAsmPrinter -lLLVMMCDisassembler -lLLVMMCParser -lLLVMInterpreter -lLLVMMCJIT -lLLVMJIT -lLLVMCodeGen -lLLVMScalarOpts -lLLVMInstCombine -lLLVMTransformUtils -lLLVMipa -lLLVMAnalysis -lLLVMRuntimeDyld -lLLVMExecutionEngine -lLLVMTarget -lLLVMMC -lLLVMObject -lLLVMCore -lLLVMSupport";
				LLVM_INSTALL_DIR = /usr/local/llvm;
				MACOSX_DEPLOYMENT_TARGET = 10.8;
				SDKROOT = macosx;
				WARNING_CFLAGS = (
					"-Wall",
					"-Werror",
					"-Wno-unused-parameter",
				);
			};
			name = Release;
		};
		05BE066A16B43ECF00DF46D5 /* Debug */ = {
			isa = XCBuildConfiguration;
			buildSettings = {
				COMBINE_HIDPI_IMAGES = YES;
				DYLIB_COMPATIBILITY_VERSION = 1;
				DYLIB_CURRENT_VERSION = 1;
				FRAMEWORK_VERSION = A;
				INFOPLIST_FILE = "objectdoc/objectdoc-Info.plist";
				INSTALL_PATH = "@rpath";
				OTHER_CFLAGS = (
					"$(inherited)",
					"$(LLVM_CONFIG_CFLAGS)",
				);
				OTHER_LDFLAGS = (
					"$(inherited)",
					"$(CLANG_CONFIG_LDFLAGS)",
					"$(LLVM_CONFIG_LDFLAGS)",
				);
				PRODUCT_NAME = "$(TARGET_NAME)";
				WRAPPER_EXTENSION = framework;
			};
			name = Debug;
		};
		05BE066B16B43ECF00DF46D5 /* Release */ = {
			isa = XCBuildConfiguration;
			buildSettings = {
				COMBINE_HIDPI_IMAGES = YES;
				DYLIB_COMPATIBILITY_VERSION = 1;
				DYLIB_CURRENT_VERSION = 1;
				FRAMEWORK_VERSION = A;
				INFOPLIST_FILE = "objectdoc/objectdoc-Info.plist";
				INSTALL_PATH = "@rpath";
				OTHER_CFLAGS = (
					"$(inherited)",
					"$(LLVM_CONFIG_CFLAGS)",
				);
				OTHER_LDFLAGS = (
					"$(inherited)",
					"$(CLANG_CONFIG_LDFLAGS)",
					"$(LLVM_CONFIG_LDFLAGS)",
				);
				PRODUCT_NAME = "$(TARGET_NAME)";
				WRAPPER_EXTENSION = framework;
			};
			name = Release;
		};
		05BE066D16B43ECF00DF46D5 /* Debug */ = {
			isa = XCBuildConfiguration;
			buildSettings = {
				COMBINE_HIDPI_IMAGES = YES;
				FRAMEWORK_SEARCH_PATHS = "\"$(DEVELOPER_LIBRARY_DIR)/Frameworks\"";
				INFOPLIST_FILE = "objectdocTests/objectdocTests-Info.plist";
				OTHER_CFLAGS = (
					"$(inherited)",
					"$(LLVM_CONFIG_CFLAGS)",
				);
				PRODUCT_NAME = "$(TARGET_NAME)";
				WRAPPER_EXTENSION = octest;
			};
			name = Debug;
		};
		05BE066E16B43ECF00DF46D5 /* Release */ = {
			isa = XCBuildConfiguration;
			buildSettings = {
				COMBINE_HIDPI_IMAGES = YES;
				FRAMEWORK_SEARCH_PATHS = "\"$(DEVELOPER_LIBRARY_DIR)/Frameworks\"";
				INFOPLIST_FILE = "objectdocTests/objectdocTests-Info.plist";
				OTHER_CFLAGS = (
					"$(inherited)",
					"$(LLVM_CONFIG_CFLAGS)",
				);
				PRODUCT_NAME = "$(TARGET_NAME)";
				WRAPPER_EXTENSION = octest;
			};
			name = Release;
		};
		05BE068316B4422C00DF46D5 /* Debug */ = {
			isa = XCBuildConfiguration;
			buildSettings = {
				GCC_PRECOMPILE_PREFIX_HEADER = YES;
				LD_RUNPATH_SEARCH_PATHS = "@loader_path/";
				PRODUCT_NAME = "$(TARGET_NAME)";
			};
			name = Debug;
		};
		05BE068416B4422C00DF46D5 /* Release */ = {
			isa = XCBuildConfiguration;
			buildSettings = {
				GCC_PRECOMPILE_PREFIX_HEADER = YES;
				LD_RUNPATH_SEARCH_PATHS = "@loader_path/";
				PRODUCT_NAME = "$(TARGET_NAME)";
			};
			name = Release;
		};
/* End XCBuildConfiguration section */

/* Begin XCConfigurationList section */
		05BE063816B43ECE00DF46D5 /* Build configuration list for PBXProject "ObjectDoc" */ = {
			isa = XCConfigurationList;
			buildConfigurations = (
				05BE066716B43ECF00DF46D5 /* Debug */,
				05BE066816B43ECF00DF46D5 /* Release */,
			);
			defaultConfigurationIsVisible = 0;
			defaultConfigurationName = Release;
		};
		05BE066916B43ECF00DF46D5 /* Build configuration list for PBXNativeTarget "ObjectDoc" */ = {
			isa = XCConfigurationList;
			buildConfigurations = (
				05BE066A16B43ECF00DF46D5 /* Debug */,
				05BE066B16B43ECF00DF46D5 /* Release */,
			);
			defaultConfigurationIsVisible = 0;
			defaultConfigurationName = Release;
		};
		05BE066C16B43ECF00DF46D5 /* Build configuration list for PBXNativeTarget "ObjectDocTests" */ = {
			isa = XCConfigurationList;
			buildConfigurations = (
				05BE066D16B43ECF00DF46D5 /* Debug */,
				05BE066E16B43ECF00DF46D5 /* Release */,
			);
			defaultConfigurationIsVisible = 0;
			defaultConfigurationName = Release;
		};
		05BE068216B4422C00DF46D5 /* Build configuration list for PBXNativeTarget "doctool" */ = {
			isa = XCConfigurationList;
			buildConfigurations = (
				05BE068316B4422C00DF46D5 /* Debug */,
				05BE068416B4422C00DF46D5 /* Release */,
			);
			defaultConfigurationIsVisible = 0;
			defaultConfigurationName = Release;
		};
/* End XCConfigurationList section */
	};
	rootObject = 05BE063516B43ECE00DF46D5 /* Project object */;
}
